// !$*UTF8*$!
{
	archiveVersion = 1;
	classes = {};
	objectVersion = 56;
	objects = {

/* Begin PBXBuildFile section */
		FC36CEE2C87842E2B2F3188C /* ScienceBowlCoachApp.swift in Sources */ = {isa = PBXBuildFile; fileRef = 0BAC844DAAD84D4587B6B08E /* ScienceBowlCoachApp.swift */; };
		9AAED89F7FC84D6B99CF3B9B /* AppState+Features.swift in Sources */ = {isa = PBXBuildFile; fileRef = 64BA889AAD074A2EBFE50730 /* AppState+Features.swift */; };
		698E94192FE34E06B48FBB71 /* AppState+Hewitt.swift in Sources */ = {isa = PBXBuildFile; fileRef = 40FA08190CA34321BC75DD03 /* AppState+Hewitt.swift */; };
		06FCA3CE990B4EE0A134FEAC /* AppState+POTCatchUp.swift in Sources */ = {isa = PBXBuildFile; fileRef = 9D0249B5DFA547C7BD3F11BA /* AppState+POTCatchUp.swift */; };
		FDD24CA70A91413AA2B12BD9 /* AppState+RegionalSprint.swift in Sources */ = {isa = PBXBuildFile; fileRef = D57579AB6E664A2DB6E044DF /* AppState+RegionalSprint.swift */; };
		6CC3D8A249A64807B9199443 /* AppState+Schedule.swift in Sources */ = {isa = PBXBuildFile; fileRef = B633C4FBD6CB433C916DF1EC /* AppState+Schedule.swift */; };
		0B47C61B06F949709D62FA76 /* AppState.swift in Sources */ = {isa = PBXBuildFile; fileRef = 1BBF721927804A9AB60E0520 /* AppState.swift */; };
		1B6BF5FEBC9D4524B9E2B891 /* BFNAlgebraCatalog.swift in Sources */ = {isa = PBXBuildFile; fileRef = 7382DC95CF444203B4CBF7DF /* BFNAlgebraCatalog.swift */; };
		193E6D9EA7AF46E28C67161A /* BFNAlgebraSchedule.swift in Sources */ = {isa = PBXBuildFile; fileRef = 05395C67B81D4981AF7F47E4 /* BFNAlgebraSchedule.swift */; };
		155E252BC70B45C4B0FC84F5 /* BFNChemistryCatalog.swift in Sources */ = {isa = PBXBuildFile; fileRef = 852DA12DDBCF4541B4AD4A06 /* BFNChemistryCatalog.swift */; };
		8EDA507366D04DEEB07EF338 /* BFNChemistrySchedule.swift in Sources */ = {isa = PBXBuildFile; fileRef = EAD36D861DA84FBCA75EDF92 /* BFNChemistrySchedule.swift */; };
		8E029610853543129C796EB5 /* BiologyTextbookCatalog.swift in Sources */ = {isa = PBXBuildFile; fileRef = 00D33A7AB1F24C7E8C02FEA0 /* BiologyTextbookCatalog.swift */; };
		0ADBDC62AD5D4D65AFBAD2E1 /* BlockAssignedReadingCatalog.swift in Sources */ = {isa = PBXBuildFile; fileRef = C26CB3AE163D483BA263160C /* BlockAssignedReadingCatalog.swift */; };
		EE569522482341A4ABF38C4A /* BlockReadingContent.swift in Sources */ = {isa = PBXBuildFile; fileRef = EADA353D8107450384D3EDA5 /* BlockReadingContent.swift */; };
		5F5CDF75867643B99AD57823 /* CampbellBiologyCatalog.swift in Sources */ = {isa = PBXBuildFile; fileRef = 10BE7596805B4D4AB8684A45 /* CampbellBiologyCatalog.swift */; };
		94D4EEC198DC46E8B4008C35 /* ChemistryTextbookCatalog.swift in Sources */ = {isa = PBXBuildFile; fileRef = B86D65527CD84FD68065BF03 /* ChemistryTextbookCatalog.swift */; };
		4BAB10BB760243FD9B96BEB0 /* ConceptualPhysicalScienceExplorationsCatalog.swift in Sources */ = {isa = PBXBuildFile; fileRef = 2D53DAE42F484013ADA4EF52 /* ConceptualPhysicalScienceExplorationsCatalog.swift */; };
		C93683E9DF8B4342A3E1E7FA /* DeepDiveContent.swift in Sources */ = {isa = PBXBuildFile; fileRef = 65342E5CD0AA4349A421C193 /* DeepDiveContent.swift */; };
		F6481039A19246C9ABBB2A9A /* FocusOnLifeScienceCatalog.swift in Sources */ = {isa = PBXBuildFile; fileRef = F658075796AB4AB7B2A7DE04 /* FocusOnLifeScienceCatalog.swift */; };
		6E614295EF524775A51D27E4 /* HewittChapter17Catalog.swift in Sources */ = {isa = PBXBuildFile; fileRef = 0EDD9C62F842415ABDC422A7 /* HewittChapter17Catalog.swift */; };
		B5CF767837E042488C1D1598 /* MSNSBOfficialCatalog.swift in Sources */ = {isa = PBXBuildFile; fileRef = CD491B024E31438A805F209F /* MSNSBOfficialCatalog.swift */; };
		240CBB2D5BBA4E66AA16F03C /* MSNSBStudyScope.swift in Sources */ = {isa = PBXBuildFile; fileRef = A36630EBC37F4DADBEF112B1 /* MSNSBStudyScope.swift */; };
		164CF06CF96941E9ADEBA9A8 /* MathAlgebraReadingCatalog.swift in Sources */ = {isa = PBXBuildFile; fileRef = E8D5B1F7128B4306BE39BB7D /* MathAlgebraReadingCatalog.swift */; };
		3F8FD99A322F45519B3C2D8F /* MathCountsCoachPersona.swift in Sources */ = {isa = PBXBuildFile; fileRef = 18740D270FED42639C90F08F /* MathCountsCoachPersona.swift */; };
		0039C3063F46477C842EFF64 /* MathQuizCatalog.swift in Sources */ = {isa = PBXBuildFile; fileRef = 7A17D887214D4411B288504F /* MathQuizCatalog.swift */; };
		ED8532984CC34BF6B5A05C5A /* NSBTopicReadingCatalog.swift in Sources */ = {isa = PBXBuildFile; fileRef = 179C0850C33D4D65AE55FA35 /* NSBTopicReadingCatalog.swift */; };
		8908E3ACF9884D53AB3FA98E /* OpenStaxBiologyCatalog.swift in Sources */ = {isa = PBXBuildFile; fileRef = B64B8E8148DF4731B9D4DADC /* OpenStaxBiologyCatalog.swift */; };
		FA87E229116848449C25C02F /* POT6AlgebraCatalog.swift in Sources */ = {isa = PBXBuildFile; fileRef = 7889F71A12A1434D9668F536 /* POT6AlgebraCatalog.swift */; };
		16BF45ABA55B417B8AB17D2D /* POT6CatchUpCatalog.swift in Sources */ = {isa = PBXBuildFile; fileRef = 4B3B0627EDD4497787E912F8 /* POT6CatchUpCatalog.swift */; };
		4DCF162C1E414CEB85A176D7 /* POT6DrillBank.swift in Sources */ = {isa = PBXBuildFile; fileRef = ECC7CEBB07A54376BDB7F91A /* POT6DrillBank.swift */; };
		C2D3F10B2FAF4D51BF95AF0E /* POT6GeometryCatalog.swift in Sources */ = {isa = PBXBuildFile; fileRef = 74400AEDC5C84EDF9CF2A991 /* POT6GeometryCatalog.swift */; };
		6DB3B83C5B4D4158A12828BD /* POT6TopicRegistry.swift in Sources */ = {isa = PBXBuildFile; fileRef = 05FA0EBDE43045D08FD6172D /* POT6TopicRegistry.swift */; };
		0DD0A06EAD334017A4E7255E /* Pass1ReadingContent.swift in Sources */ = {isa = PBXBuildFile; fileRef = E52057A1E63A40F2BC028400 /* Pass1ReadingContent.swift */; };
		1EA2ADCCB16E4CF78728E1F0 /* Pass2ReadingContent.swift in Sources */ = {isa = PBXBuildFile; fileRef = 7FDE7D2BA42043338EEEC8D0 /* Pass2ReadingContent.swift */; };
		BD9FA8C5AE9740009E0347E5 /* Pass3ReadingContent.swift in Sources */ = {isa = PBXBuildFile; fileRef = AE135FFC1A70486CA589A04B /* Pass3ReadingContent.swift */; };
		4D51F764D0ED4DE9BF69C3C7 /* RegionalSprintCatalog.swift in Sources */ = {isa = PBXBuildFile; fileRef = 6E841C8F65D04D2FBCDFF9FE /* RegionalSprintCatalog.swift */; };
		41300D873EBF4035943F52FC /* ScheduleBFNCatalog.swift in Sources */ = {isa = PBXBuildFile; fileRef = 94F418FEB7C24AA5A6F3FC48 /* ScheduleBFNCatalog.swift */; };
		7CD4A52DD233421F98E1294F /* ScheduleConstants.swift in Sources */ = {isa = PBXBuildFile; fileRef = EFC1E4B9180C48A7ACC2C1E3 /* ScheduleConstants.swift */; };
		7E558DF205A34ADF8FECF72B /* ScheduleCrossCategory.swift in Sources */ = {isa = PBXBuildFile; fileRef = 45826772A77144A18E7E0061 /* ScheduleCrossCategory.swift */; };
		1DF67CEEB0124EFEBCAC3DE8 /* ScheduleOpenStaxCatalog.swift in Sources */ = {isa = PBXBuildFile; fileRef = C317149B6BA54BD98EDDBD0E /* ScheduleOpenStaxCatalog.swift */; };
		293913B3FF2146F4B46681CF /* ScheduleSplitTrack.swift in Sources */ = {isa = PBXBuildFile; fileRef = 600AB0F4EB1441C59B5F1E5E /* ScheduleSplitTrack.swift */; };
		3717963E34EC4C8CBA6E8189 /* ScheduleVideoCatalog.swift in Sources */ = {isa = PBXBuildFile; fileRef = B18F44004A15400E826D1902 /* ScheduleVideoCatalog.swift */; };
		26D31FB840444ECF99F1CEF5 /* SeedData.swift in Sources */ = {isa = PBXBuildFile; fileRef = C02593A09BB3432E99DF307B /* SeedData.swift */; };
		492F9A7166604C98A64E6761 /* SeedDataWeeks1_4.swift in Sources */ = {isa = PBXBuildFile; fileRef = F0B770A3D1F940DBB0A5B35E /* SeedDataWeeks1_4.swift */; };
		ECCF8DEB601646748A049B0F /* SeedDataWeeks5_10.swift in Sources */ = {isa = PBXBuildFile; fileRef = FC37F6B20027480F98D8E36D /* SeedDataWeeks5_10.swift */; };
		A68F729096BA477D8352828E /* StudyReferenceSheets.swift in Sources */ = {isa = PBXBuildFile; fileRef = 01893B4B4442433E8C9BA822 /* StudyReferenceSheets.swift */; };
		094817DB194A4AFFA48399CF /* TextbookReadingCatalog.swift in Sources */ = {isa = PBXBuildFile; fileRef = 768C2D2F901C42A7AF91D9A6 /* TextbookReadingCatalog.swift */; };
		DF179F9EA6C34C08BC5575E7 /* ChecklistItem.swift in Sources */ = {isa = PBXBuildFile; fileRef = CFF65D1295B04909B4C377B9 /* ChecklistItem.swift */; };
		D707F57D04B948D7A9DD655A /* DOEQuestion.swift in Sources */ = {isa = PBXBuildFile; fileRef = F856E9692C3941CC9CD0F38D /* DOEQuestion.swift */; };
		128ABDFCE1E641A082A559B5 /* ElementData.swift in Sources */ = {isa = PBXBuildFile; fileRef = CF1D38054B0E4BD49052D722 /* ElementData.swift */; };
		AE6D4FC6830D47078441AAA0 /* Enums.swift in Sources */ = {isa = PBXBuildFile; fileRef = B46C0C2A87CB4B099531A16A /* Enums.swift */; };
		4E0B5BB0EC8C4AB395C0818A /* FlashCardItem.swift in Sources */ = {isa = PBXBuildFile; fileRef = 2F73A3DFD11D4F2585126671 /* FlashCardItem.swift */; };
		F316B87504F744A98CA17DEC /* MathCountsModels.swift in Sources */ = {isa = PBXBuildFile; fileRef = E8793C19F9784B32B2CB0D37 /* MathCountsModels.swift */; };
		8546B5E092E8425A81E00664 /* MathDrillQuestion.swift in Sources */ = {isa = PBXBuildFile; fileRef = A7C9F31F3153473E942643CC /* MathDrillQuestion.swift */; };
		D30FE9E030A246A38556F244 /* MathTopic.swift in Sources */ = {isa = PBXBuildFile; fileRef = A62CC290CAAE42C6A75BAFE2 /* MathTopic.swift */; };
		C2E460E0B7F7427881DC4168 /* MentalMathModels.swift in Sources */ = {isa = PBXBuildFile; fileRef = 90DD09D6E2144D489BAE546D /* MentalMathModels.swift */; };
		E0CC41276FC8462D9670655B /* MiniGameRoute.swift in Sources */ = {isa = PBXBuildFile; fileRef = 887CD6A553FF42CAB4E93D3D /* MiniGameRoute.swift */; };
		5627EB3EC062468D990D5709 /* NSBTopic.swift in Sources */ = {isa = PBXBuildFile; fileRef = E50044B1B05C4CD5941ACD50 /* NSBTopic.swift */; };
		6B3EC2255711481F99E932B3 /* ProgressBackup.swift in Sources */ = {isa = PBXBuildFile; fileRef = B20867EDE88D496F8BEA5AB7 /* ProgressBackup.swift */; };
		FAAD96EC79DA4125AD0F3534 /* ReadingSection.swift in Sources */ = {isa = PBXBuildFile; fileRef = 91E0938AF683469E8678CB5A /* ReadingSection.swift */; };
		878CDF5F95BB4F4D8CEF44C9 /* StudyBlock+ReadingPace.swift in Sources */ = {isa = PBXBuildFile; fileRef = 85E31D4FB4764B21BEFB9482 /* StudyBlock+ReadingPace.swift */; };
		F283A37D79C4412EA5BD1C5B /* StudyBlock.swift in Sources */ = {isa = PBXBuildFile; fileRef = E1CD15A802284C1BAC836A3A /* StudyBlock.swift */; };
		342033AD367F484280BE0E3B /* StudyNavigationRoute.swift in Sources */ = {isa = PBXBuildFile; fileRef = D5E48F477C174497A3386928 /* StudyNavigationRoute.swift */; };
		7C99AD7A5E7748EEBC157CCB /* StudyTextChunk.swift in Sources */ = {isa = PBXBuildFile; fileRef = 392D4CE9F5E44D379685029E /* StudyTextChunk.swift */; };
		366E8F41C2FC4074A3890F1A /* ThemePalette.swift in Sources */ = {isa = PBXBuildFile; fileRef = E4F470048C734EAAA9F6BE86 /* ThemePalette.swift */; };
		20CBC750922C45A5BB9D6236 /* TossupQuestion.swift in Sources */ = {isa = PBXBuildFile; fileRef = 9029E3EEC85041BD93751C41 /* TossupQuestion.swift */; };
		ADF681BDF50B4381AE8A0024 /* UnifiedQuestion.swift in Sources */ = {isa = PBXBuildFile; fileRef = 51C2F79E7F0C41EB91E45EA1 /* UnifiedQuestion.swift */; };
		AF28002EC7704BFB99782DC6 /* BuzzerNetworkService.swift in Sources */ = {isa = PBXBuildFile; fileRef = 7D7EE13D3E9E4DC3AD33A060 /* BuzzerNetworkService.swift */; };
		829930E6302D402083641653 /* CoachSummaryService.swift in Sources */ = {isa = PBXBuildFile; fileRef = 8E3E983E189745A1BC335533 /* CoachSummaryService.swift */; };
		5C5C7975ABF542FCAB841E49 /* DOEPDFParser.swift in Sources */ = {isa = PBXBuildFile; fileRef = 6D7D11C28E60418E805B7E0D /* DOEPDFParser.swift */; };
		428E9AD8165C4F8CB10AD969 /* ElementProgressStore.swift in Sources */ = {isa = PBXBuildFile; fileRef = A6D6E7F9E8674555B8B49083 /* ElementProgressStore.swift */; };
		498454E0F7394C74AB309B2C /* EncyclopediaStore.swift in Sources */ = {isa = PBXBuildFile; fileRef = 7F3D306C4FDA4817B4B73884 /* EncyclopediaStore.swift */; };
		A0E7C3BBDCD64924BBEEC192 /* HapticFeedback.swift in Sources */ = {isa = PBXBuildFile; fileRef = 86D96FE9E3C44F508D7C90A4 /* HapticFeedback.swift */; };
		06D937F7FCC34C188536AA68 /* MathCountsAnswerChecker.swift in Sources */ = {isa = PBXBuildFile; fileRef = 7CC358DFD8744E7BBF98CE93 /* MathCountsAnswerChecker.swift */; };
		B29ED63C398F4B95B1F415A1 /* MathCountsQuestionBank.swift in Sources */ = {isa = PBXBuildFile; fileRef = 98E9C26606624B21B2423CCE /* MathCountsQuestionBank.swift */; };
		580DCF96A1144190B0DC5ED5 /* MathCountsStore.swift in Sources */ = {isa = PBXBuildFile; fileRef = FC500C4200B146F8A397B76E /* MathCountsStore.swift */; };
		8AEFF7F120444DDD9B25604E /* MathProgressService.swift in Sources */ = {isa = PBXBuildFile; fileRef = 37B1F9E5909D4E359E2B9AF3 /* MathProgressService.swift */; };
		881113146E3E40D9A09DC940 /* MentalMathEngine.swift in Sources */ = {isa = PBXBuildFile; fileRef = 3F2F018F9E6F4AEBAAC024E5 /* MentalMathEngine.swift */; };
		A8DF59AA56D64469A94AAEE2 /* MentalMathStore.swift in Sources */ = {isa = PBXBuildFile; fileRef = 7DC65881F9884CCBAD29F1EE /* MentalMathStore.swift */; };
		311A055EF38E442C94F10374 /* PersistenceService.swift in Sources */ = {isa = PBXBuildFile; fileRef = 5321872AEA9F42C98F9F3B6B /* PersistenceService.swift */; };
		E44937D9F3044DB19911F691 /* ProgressBackupService.swift in Sources */ = {isa = PBXBuildFile; fileRef = FC6EA0D724A448CE8DAD43DA /* ProgressBackupService.swift */; };
		B11079B6DCFE4E3CBA97156F /* QuestionImportService.swift in Sources */ = {isa = PBXBuildFile; fileRef = F9899D8BEE1E4C68AF54FB7A /* QuestionImportService.swift */; };
		3ABE6FC8DC9141249F086D21 /* RecentQuestionStore.swift in Sources */ = {isa = PBXBuildFile; fileRef = 8F46645C99C8490A8CE0FFA9 /* RecentQuestionStore.swift */; };
		22F9F68028734460B5D3111E /* ScheduleHTMLResources.swift in Sources */ = {isa = PBXBuildFile; fileRef = 86D4D5501DCD4C70A2CEE017 /* ScheduleHTMLResources.swift */; };
		1250DE50AC4C4BA78C02D66B /* SpeechManager.swift in Sources */ = {isa = PBXBuildFile; fileRef = 6F1D726334B340FC99A2AAA0 /* SpeechManager.swift */; };
		03F0455131C94633BF120774 /* SpeechTextSanitizer.swift in Sources */ = {isa = PBXBuildFile; fileRef = D0BF43355275486586CA4F18 /* SpeechTextSanitizer.swift */; };
		0F2706A60BFE41E9A83CEA74 /* SpeechVoiceCatalog.swift in Sources */ = {isa = PBXBuildFile; fileRef = 605FD538FA10411A94AAED84 /* SpeechVoiceCatalog.swift */; };
		8683BE85E18E4E8F8DA15346 /* TextbookReadingProgressStore.swift in Sources */ = {isa = PBXBuildFile; fileRef = 8081209BF91B4FF6A404ABB1 /* TextbookReadingProgressStore.swift */; };
		F175938A5CDF440A9A5F5D01 /* XPManager.swift in Sources */ = {isa = PBXBuildFile; fileRef = E846B20B7935443F80F8A069 /* XPManager.swift */; };
		29E983100A28431C8D6AD5AD /* CalendarRootView.swift in Sources */ = {isa = PBXBuildFile; fileRef = 1FDB0EB8191A49B9ACA29CD2 /* CalendarRootView.swift */; };
		A1644327A28B41D1AEF7066F /* ContentView.swift in Sources */ = {isa = PBXBuildFile; fileRef = DAE2F11244414E20AE492248 /* ContentView.swift */; };
		69C9A55CC1A84B059C270D78 /* EncyclopediaPracticeViews.swift in Sources */ = {isa = PBXBuildFile; fileRef = BA0D28439CFA472F96CE876F /* EncyclopediaPracticeViews.swift */; };
		4582F5F031D2482EB52893DF /* EncyclopediaRootView.swift in Sources */ = {isa = PBXBuildFile; fileRef = F981296F01384E0AB26F81B1 /* EncyclopediaRootView.swift */; };
		8CC0EDB5F8544C1883F326AA /* EncyclopediaSessionEndViews.swift in Sources */ = {isa = PBXBuildFile; fileRef = 7C3E43922F744ADFA435A193 /* EncyclopediaSessionEndViews.swift */; };
		72B4C04C2944452B98301E7D /* EncyclopediaTopicDetailView.swift in Sources */ = {isa = PBXBuildFile; fileRef = CAEE7966217E4848869E1527 /* EncyclopediaTopicDetailView.swift */; };
		9883E9468E6746BD86F7D40E /* LearnTypography.swift in Sources */ = {isa = PBXBuildFile; fileRef = 3248DDFC4EB14B26B6DA9C7D /* LearnTypography.swift */; };
		BC0323011AE74BDBA06B586C /* CellBuilderGameView.swift in Sources */ = {isa = PBXBuildFile; fileRef = DD7DFBFD409747C492D0C406 /* CellBuilderGameView.swift */; };
		D61648EB7EE34290A4AA5C8E /* ElementBlitzGameView.swift in Sources */ = {isa = PBXBuildFile; fileRef = 7CEBBEBFFE464D60963B8FEF /* ElementBlitzGameView.swift */; };
		18DC55490E88415180404E36 /* GameContent.swift in Sources */ = {isa = PBXBuildFile; fileRef = 209F3A23A68448E9AD9BE8A2 /* GameContent.swift */; };
		4DA640B9941643DFBA4052D9 /* MiniGameShell.swift in Sources */ = {isa = PBXBuildFile; fileRef = C5CEFB22E7154A20A4773EA1 /* MiniGameShell.swift */; };
		5CFD0DB802774164BE8D1446 /* MiniGamesHubView.swift in Sources */ = {isa = PBXBuildFile; fileRef = 89363ACE55A646D48280C477 /* MiniGamesHubView.swift */; };
		BA9F020203844CA89CC86E9E /* MoleculeMatchGameView.swift in Sources */ = {isa = PBXBuildFile; fileRef = 55FCD60FF341466997599041 /* MoleculeMatchGameView.swift */; };
		0BDC23E6289E4CEA9ABDA9F7 /* ScienceWordleGameView.swift in Sources */ = {isa = PBXBuildFile; fileRef = 71E3CD9901D84169B884101E /* ScienceWordleGameView.swift */; };
		CC10D993F26F487298E82A24 /* TrueOrFalseBlitzGameView.swift in Sources */ = {isa = PBXBuildFile; fileRef = 924E8DD619BD4D0CBC0152B0 /* TrueOrFalseBlitzGameView.swift */; };
		9DEC5CD2DAE848C191DB915F /* MathCategoryView.swift in Sources */ = {isa = PBXBuildFile; fileRef = 9D893159102F454DA65DE0E9 /* MathCategoryView.swift */; };
		E2F6376942D04F95A5822BDC /* MathHomeView.swift in Sources */ = {isa = PBXBuildFile; fileRef = EE82AA74A7F64671BE3179C1 /* MathHomeView.swift */; };
		6F99D50CF3D048B0929A40DC /* MathScreenStyle.swift in Sources */ = {isa = PBXBuildFile; fileRef = E3E1A625C8AE49E6B281D5E9 /* MathScreenStyle.swift */; };
		35A92FB25B0B4432A67DDD73 /* MathTopicDetailView.swift in Sources */ = {isa = PBXBuildFile; fileRef = 990FC13A194E4EF589A12CD1 /* MathTopicDetailView.swift */; };
		8CB40C63A63F42B6BE51BD80 /* MathWeakAreaDrillView.swift in Sources */ = {isa = PBXBuildFile; fileRef = F4B2561D057E4F7DB62B81EA /* MathWeakAreaDrillView.swift */; };
		FB90E2A31A104B99BF4A2812 /* MathCountsPracticeLoader.swift in Sources */ = {isa = PBXBuildFile; fileRef = F1BFB8471B664BB8A5F37767 /* MathCountsPracticeLoader.swift */; };
		FAC89D251BB74129B9CC6357 /* MathCountsRootView.swift in Sources */ = {isa = PBXBuildFile; fileRef = 05F99BB7F67C43D3959E446B /* MathCountsRootView.swift */; };
		2FD0B638BCED4A539A69960F /* MathCountsSessionView.swift in Sources */ = {isa = PBXBuildFile; fileRef = 8B9809BDAEC543698ED45848 /* MathCountsSessionView.swift */; };
		1DACA499B4D14E898B013F44 /* MentalMathDrillView.swift in Sources */ = {isa = PBXBuildFile; fileRef = 83422DAEDEC74E4B8765C2A8 /* MentalMathDrillView.swift */; };
		6F050B10AA054860BB87F8D3 /* MentalMathRootView.swift in Sources */ = {isa = PBXBuildFile; fileRef = 0A5CC3AAD56B43D5B22BD95E /* MentalMathRootView.swift */; };
		E989E145A4E346F797B1BD20 /* POT6BooksView.swift in Sources */ = {isa = PBXBuildFile; fileRef = 7AAE114AC32C449CAFFB2E12 /* POT6BooksView.swift */; };
		D5A9979E04BC455AB879858B /* POT6CatchUpView.swift in Sources */ = {isa = PBXBuildFile; fileRef = 9FD64E5A5D7E42E9B4D06D94 /* POT6CatchUpView.swift */; };
		EC89F886DCB048568AA288C8 /* POT6GeometryCatchUpView.swift in Sources */ = {isa = PBXBuildFile; fileRef = 84D90E9FED704827BBAC3003 /* POT6GeometryCatchUpView.swift */; };
		307A4F7475A74F4FB3DE104F /* POT6GeometryRootView.swift in Sources */ = {isa = PBXBuildFile; fileRef = 8B00870568B441C7812B254E /* POT6GeometryRootView.swift */; };
		11A2B92AA5DC4188A701C50B /* POT6GeometrySubgroupView.swift in Sources */ = {isa = PBXBuildFile; fileRef = 3C242C71B7C3420AB32558A4 /* POT6GeometrySubgroupView.swift */; };
		D9A5465969E748D48714E4F1 /* POT6ReadingOptionsView.swift in Sources */ = {isa = PBXBuildFile; fileRef = 5A9384D4D52E46D9BB00BE0F /* POT6ReadingOptionsView.swift */; };
		A8D6A4F6F89941A1B47EE3B1 /* POT6Resources.swift in Sources */ = {isa = PBXBuildFile; fileRef = 0BC5834A9D464AA792774104 /* POT6Resources.swift */; };
		E9102EDAC4B8438F8D4DC069 /* POT6RootView.swift in Sources */ = {isa = PBXBuildFile; fileRef = 14975BB486E54BC7A7960F75 /* POT6RootView.swift */; };
		F6F849DB8E784346B421292D /* PeriodicTableViews.swift in Sources */ = {isa = PBXBuildFile; fileRef = A03376A9060942BB9F8E9930 /* PeriodicTableViews.swift */; };
		162728D7738E44B7B5ABF958 /* EncyclopediaProgressSection.swift in Sources */ = {isa = PBXBuildFile; fileRef = 478ABCB6A46846A190327667 /* EncyclopediaProgressSection.swift */; };
		D95915B67EA94F0ABE73ACC0 /* ProgressDashboardView.swift in Sources */ = {isa = PBXBuildFile; fileRef = 2EFBE13FCAB644B88F99320B /* ProgressDashboardView.swift */; };
		F706C05DAAC144C388F98E20 /* BuzzerRemoteView.swift in Sources */ = {isa = PBXBuildFile; fileRef = 06437715A8364CF5BA89F665 /* BuzzerRemoteView.swift */; };
		B0E9982B849E4CA2A7D2063D /* DOEViews.swift in Sources */ = {isa = PBXBuildFile; fileRef = 0CCCDDE16139473081CE15CA /* DOEViews.swift */; };
		E1E8E5E9D88143598CFDE754 /* HewittChapter17Views.swift in Sources */ = {isa = PBXBuildFile; fileRef = 8D9F56B4BC174080826494D0 /* HewittChapter17Views.swift */; };
		A17AC09963BE4ADB87F1565A /* PlanDrillView.swift in Sources */ = {isa = PBXBuildFile; fileRef = AA15FDB9DC0B4D959902521E /* PlanDrillView.swift */; };
		C3FFF4F5C4614354A0FB4A13 /* QuizRootView.swift in Sources */ = {isa = PBXBuildFile; fileRef = BC4631388EAE42D194C349EA /* QuizRootView.swift */; };
		A1C6763DB0D240EFBD62CD3B /* RegionalSprintViews.swift in Sources */ = {isa = PBXBuildFile; fileRef = 4FD85DD0D3E54BE4B592E90F /* RegionalSprintViews.swift */; };
		E6AC4EFB2D734FC990831C34 /* TossupDrillView.swift in Sources */ = {isa = PBXBuildFile; fileRef = 9C388BCA41BB4563B7133E53 /* TossupDrillView.swift */; };
		B388BE357E174ADCB454C5AD /* SettingsView.swift in Sources */ = {isa = PBXBuildFile; fileRef = FB27E3176CBE4096A747A185 /* SettingsView.swift */; };
		0249C24171934F8FB44414DF /* BuzzerDrillComponents.swift in Sources */ = {isa = PBXBuildFile; fileRef = 7C4D4AE748C64AD0B6CA8D69 /* BuzzerDrillComponents.swift */; };
		9E4955F6B4E84D119203BA7F /* DesignSystem.swift in Sources */ = {isa = PBXBuildFile; fileRef = 7AFC30DEEB4E4DBD8E3F81A5 /* DesignSystem.swift */; };
		000DDE0840DE41919CD9D710 /* DrillFeedbackViews.swift in Sources */ = {isa = PBXBuildFile; fileRef = D26ED7F718A84B9E981C97BD /* DrillFeedbackViews.swift */; };
		97A7EF3990874CF2A0084212 /* HTMLWebView.swift in Sources */ = {isa = PBXBuildFile; fileRef = A50EC68302BD4FACAF95C3D0 /* HTMLWebView.swift */; };
		F6387E48E22048A39B6D3460 /* PlatformCompatibility.swift in Sources */ = {isa = PBXBuildFile; fileRef = 836BD3B2BD54423C9C404752 /* PlatformCompatibility.swift */; };
		A232FBE4E25E41C6AB4A8A3A /* QuestionSpeechControls.swift in Sources */ = {isa = PBXBuildFile; fileRef = 3BB0D6DA3B2D4302B671AD22 /* QuestionSpeechControls.swift */; };
		362E0E54BFA243F7A98A655A /* SharedComponents.swift in Sources */ = {isa = PBXBuildFile; fileRef = CE1167D00A824975B01CFA59 /* SharedComponents.swift */; };
		FE686E466441464FAF0B484D /* StudyNavigationDestination.swift in Sources */ = {isa = PBXBuildFile; fileRef = 8047F30BBE074C04AFA8CE4C /* StudyNavigationDestination.swift */; };
		968AA2441A2E4FD09542F35B /* BlockStudyMaterialView.swift in Sources */ = {isa = PBXBuildFile; fileRef = F24C984E846E4C73A0275759 /* BlockStudyMaterialView.swift */; };
		1247E333D8CE4BB3BC99DEBB /* Pass3BookLinksCard.swift in Sources */ = {isa = PBXBuildFile; fileRef = C6A12E3812764B1BA555597F /* Pass3BookLinksCard.swift */; };
		8D0FE30174594C2CAE741424 /* StudyMaterialComponents.swift in Sources */ = {isa = PBXBuildFile; fileRef = E19421622F96427BB6D2E46A /* StudyMaterialComponents.swift */; };
		B01C8291E56C47F481DB9A35 /* StudySessionView.swift in Sources */ = {isa = PBXBuildFile; fileRef = E4EA86CE09BC4CE6BE3D3F1D /* StudySessionView.swift */; };
		B4785BE681454EE095E2E32A /* TodayView.swift in Sources */ = {isa = PBXBuildFile; fileRef = DC4C558DE5544E548EC6CD44 /* TodayView.swift */; };
		6DA08E0587234F0A86094C61 /* TopicBrowserView.swift in Sources */ = {isa = PBXBuildFile; fileRef = B74C73D7236C44CD928A5013 /* TopicBrowserView.swift */; };
		31CA1E34598C4763AEC48F92 /* TopicDetailView.swift in Sources */ = {isa = PBXBuildFile; fileRef = 8351A90E3D0644E6A9376470 /* TopicDetailView.swift */; };
		0A25DCE37D9045F78D3ED7C0 /* NSBTopicReadingViews.swift in Sources */ = {isa = PBXBuildFile; fileRef = 1461534E14384E79BBD1CCC6 /* NSBTopicReadingViews.swift */; };
		3C0C2AA649BA43259DB44129 /* NSBTopicsRootView.swift in Sources */ = {isa = PBXBuildFile; fileRef = FDE75CFD939C40A389267C2A /* NSBTopicsRootView.swift */; };
		8187D1B05C6C4FDB83032E04 /* TextbookReadingProgressViews.swift in Sources */ = {isa = PBXBuildFile; fileRef = EAC4130C1D234F939165C0BC /* TextbookReadingProgressViews.swift */; };
		AADA4B5AAB2E4A39B6241EFA /* WeekScheduleContent.swift in Sources */ = {isa = PBXBuildFile; fileRef = 0A3E2962BC85464A84D87F26 /* WeekScheduleContent.swift */; };
		A5D44E5031B04F18875352E2 /* WeeksRootView.swift in Sources */ = {isa = PBXBuildFile; fileRef = 60A5C92B1AE04FD58AF78596 /* WeeksRootView.swift */; };
		2E3809D735204C5DA22A159C /* Assets.xcassets in Resources */ = {isa = PBXBuildFile; fileRef = BDE29D6DA3F34D30A898750B /* Assets.xcassets */; };
		724FECCB298E43D6B1E39DA1 /* doe_starter_cache.json in Resources */ = {isa = PBXBuildFile; fileRef = 02DC939297B2445B92FF85B8 /* doe_starter_cache.json */; };
		5957A73B274E4C5EA5835949 /* hewitt_ch17_questions.json in Resources */ = {isa = PBXBuildFile; fileRef = 49B16E19242241E1A9A01BDE /* hewitt_ch17_questions.json */; };
		4827C51E458E4E8CB9D56DB3 /* questions.json in Resources */ = {isa = PBXBuildFile; fileRef = D802EC63D27644BD95A5EB31 /* questions.json */; };
		4EDD8A24DF0B4AE7AEE05398 /* topic_readings.json in Resources */ = {isa = PBXBuildFile; fileRef = FCF9EC065C1445E885A62C3F /* topic_readings.json */; };
		13FF5CAFFBB5446ABBA34771 /* topics.json in Resources */ = {isa = PBXBuildFile; fileRef = 3EAFDA76BB2B4B3697D40884 /* topics.json */; };
		AA90BA520E8E4F7D9C8D7D8B /* periodic-table-print.html in Resources */ = {isa = PBXBuildFile; fileRef = 0BA160B2B81645388A81B376 /* periodic-table-print.html */; };
		CD086ADD11FF4FEB8C76B26E /* periodic-table-study.html in Resources */ = {isa = PBXBuildFile; fileRef = BBE15E3944174492AD31C218 /* periodic-table-study.html */; };
		634AAAD71FD54B129EADBD5A /* science-bowl-prep.html in Resources */ = {isa = PBXBuildFile; fileRef = 5D7725C32A774FA5A4DE524F /* science-bowl-prep.html */; };
		4FBB7889391643AA8FD99DFA /* summer-2026-whiteboard.html in Resources */ = {isa = PBXBuildFile; fileRef = 62D2AE051B7849559378853B /* summer-2026-whiteboard.html */; };
		3612818A758B420D84D66722 /* weekly-timetable.html in Resources */ = {isa = PBXBuildFile; fileRef = 04956194ED8744989616A8E7 /* weekly-timetable.html */; };
/* End PBXBuildFile section */

/* Begin PBXFileReference section */
		C9C1BD91DD7B416AA33F57FB /* ScienceBowlCoach.app */ = {isa = PBXFileReference; explicitFileType = wrapper.application; includeInIndex = 0; path = ScienceBowlCoach.app; sourceTree = BUILT_PRODUCTS_DIR; };
		0BAC844DAAD84D4587B6B08E /* ScienceBowlCoachApp.swift */ = {isa = PBXFileReference; lastKnownFileType = sourcecode.swift; path = "App/ScienceBowlCoachApp.swift"; sourceTree = "<group>"; };
		64BA889AAD074A2EBFE50730 /* AppState+Features.swift */ = {isa = PBXFileReference; lastKnownFileType = sourcecode.swift; path = "Data/AppState+Features.swift"; sourceTree = "<group>"; };
		40FA08190CA34321BC75DD03 /* AppState+Hewitt.swift */ = {isa = PBXFileReference; lastKnownFileType = sourcecode.swift; path = "Data/AppState+Hewitt.swift"; sourceTree = "<group>"; };
		9D0249B5DFA547C7BD3F11BA /* AppState+POTCatchUp.swift */ = {isa = PBXFileReference; lastKnownFileType = sourcecode.swift; path = "Data/AppState+POTCatchUp.swift"; sourceTree = "<group>"; };
		D57579AB6E664A2DB6E044DF /* AppState+RegionalSprint.swift */ = {isa = PBXFileReference; lastKnownFileType = sourcecode.swift; path = "Data/AppState+RegionalSprint.swift"; sourceTree = "<group>"; };
		B633C4FBD6CB433C916DF1EC /* AppState+Schedule.swift */ = {isa = PBXFileReference; lastKnownFileType = sourcecode.swift; path = "Data/AppState+Schedule.swift"; sourceTree = "<group>"; };
		1BBF721927804A9AB60E0520 /* AppState.swift */ = {isa = PBXFileReference; lastKnownFileType = sourcecode.swift; path = "Data/AppState.swift"; sourceTree = "<group>"; };
		7382DC95CF444203B4CBF7DF /* BFNAlgebraCatalog.swift */ = {isa = PBXFileReference; lastKnownFileType = sourcecode.swift; path = "Data/BFNAlgebraCatalog.swift"; sourceTree = "<group>"; };
		05395C67B81D4981AF7F47E4 /* BFNAlgebraSchedule.swift */ = {isa = PBXFileReference; lastKnownFileType = sourcecode.swift; path = "Data/BFNAlgebraSchedule.swift"; sourceTree = "<group>"; };
		852DA12DDBCF4541B4AD4A06 /* BFNChemistryCatalog.swift */ = {isa = PBXFileReference; lastKnownFileType = sourcecode.swift; path = "Data/BFNChemistryCatalog.swift"; sourceTree = "<group>"; };
		EAD36D861DA84FBCA75EDF92 /* BFNChemistrySchedule.swift */ = {isa = PBXFileReference; lastKnownFileType = sourcecode.swift; path = "Data/BFNChemistrySchedule.swift"; sourceTree = "<group>"; };
		00D33A7AB1F24C7E8C02FEA0 /* BiologyTextbookCatalog.swift */ = {isa = PBXFileReference; lastKnownFileType = sourcecode.swift; path = "Data/BiologyTextbookCatalog.swift"; sourceTree = "<group>"; };
		C26CB3AE163D483BA263160C /* BlockAssignedReadingCatalog.swift */ = {isa = PBXFileReference; lastKnownFileType = sourcecode.swift; path = "Data/BlockAssignedReadingCatalog.swift"; sourceTree = "<group>"; };
		EADA353D8107450384D3EDA5 /* BlockReadingContent.swift */ = {isa = PBXFileReference; lastKnownFileType = sourcecode.swift; path = "Data/BlockReadingContent.swift"; sourceTree = "<group>"; };
		10BE7596805B4D4AB8684A45 /* CampbellBiologyCatalog.swift */ = {isa = PBXFileReference; lastKnownFileType = sourcecode.swift; path = "Data/CampbellBiologyCatalog.swift"; sourceTree = "<group>"; };
		B86D65527CD84FD68065BF03 /* ChemistryTextbookCatalog.swift */ = {isa = PBXFileReference; lastKnownFileType = sourcecode.swift; path = "Data/ChemistryTextbookCatalog.swift"; sourceTree = "<group>"; };
		2D53DAE42F484013ADA4EF52 /* ConceptualPhysicalScienceExplorationsCatalog.swift */ = {isa = PBXFileReference; lastKnownFileType = sourcecode.swift; path = "Data/ConceptualPhysicalScienceExplorationsCatalog.swift"; sourceTree = "<group>"; };
		65342E5CD0AA4349A421C193 /* DeepDiveContent.swift */ = {isa = PBXFileReference; lastKnownFileType = sourcecode.swift; path = "Data/DeepDiveContent.swift"; sourceTree = "<group>"; };
		F658075796AB4AB7B2A7DE04 /* FocusOnLifeScienceCatalog.swift */ = {isa = PBXFileReference; lastKnownFileType = sourcecode.swift; path = "Data/FocusOnLifeScienceCatalog.swift"; sourceTree = "<group>"; };
		0EDD9C62F842415ABDC422A7 /* HewittChapter17Catalog.swift */ = {isa = PBXFileReference; lastKnownFileType = sourcecode.swift; path = "Data/HewittChapter17Catalog.swift"; sourceTree = "<group>"; };
		CD491B024E31438A805F209F /* MSNSBOfficialCatalog.swift */ = {isa = PBXFileReference; lastKnownFileType = sourcecode.swift; path = "Data/MSNSBOfficialCatalog.swift"; sourceTree = "<group>"; };
		A36630EBC37F4DADBEF112B1 /* MSNSBStudyScope.swift */ = {isa = PBXFileReference; lastKnownFileType = sourcecode.swift; path = "Data/MSNSBStudyScope.swift"; sourceTree = "<group>"; };
		E8D5B1F7128B4306BE39BB7D /* MathAlgebraReadingCatalog.swift */ = {isa = PBXFileReference; lastKnownFileType = sourcecode.swift; path = "Data/MathAlgebraReadingCatalog.swift"; sourceTree = "<group>"; };
		18740D270FED42639C90F08F /* MathCountsCoachPersona.swift */ = {isa = PBXFileReference; lastKnownFileType = sourcecode.swift; path = "Data/MathCountsCoachPersona.swift"; sourceTree = "<group>"; };
		7A17D887214D4411B288504F /* MathQuizCatalog.swift */ = {isa = PBXFileReference; lastKnownFileType = sourcecode.swift; path = "Data/MathQuizCatalog.swift"; sourceTree = "<group>"; };
		179C0850C33D4D65AE55FA35 /* NSBTopicReadingCatalog.swift */ = {isa = PBXFileReference; lastKnownFileType = sourcecode.swift; path = "Data/NSBTopicReadingCatalog.swift"; sourceTree = "<group>"; };
		B64B8E8148DF4731B9D4DADC /* OpenStaxBiologyCatalog.swift */ = {isa = PBXFileReference; lastKnownFileType = sourcecode.swift; path = "Data/OpenStaxBiologyCatalog.swift"; sourceTree = "<group>"; };
		7889F71A12A1434D9668F536 /* POT6AlgebraCatalog.swift */ = {isa = PBXFileReference; lastKnownFileType = sourcecode.swift; path = "Data/POT6AlgebraCatalog.swift"; sourceTree = "<group>"; };
		4B3B0627EDD4497787E912F8 /* POT6CatchUpCatalog.swift */ = {isa = PBXFileReference; lastKnownFileType = sourcecode.swift; path = "Data/POT6CatchUpCatalog.swift"; sourceTree = "<group>"; };
		ECC7CEBB07A54376BDB7F91A /* POT6DrillBank.swift */ = {isa = PBXFileReference; lastKnownFileType = sourcecode.swift; path = "Data/POT6DrillBank.swift"; sourceTree = "<group>"; };
		74400AEDC5C84EDF9CF2A991 /* POT6GeometryCatalog.swift */ = {isa = PBXFileReference; lastKnownFileType = sourcecode.swift; path = "Data/POT6GeometryCatalog.swift"; sourceTree = "<group>"; };
		05FA0EBDE43045D08FD6172D /* POT6TopicRegistry.swift */ = {isa = PBXFileReference; lastKnownFileType = sourcecode.swift; path = "Data/POT6TopicRegistry.swift"; sourceTree = "<group>"; };
		E52057A1E63A40F2BC028400 /* Pass1ReadingContent.swift */ = {isa = PBXFileReference; lastKnownFileType = sourcecode.swift; path = "Data/Pass1ReadingContent.swift"; sourceTree = "<group>"; };
		7FDE7D2BA42043338EEEC8D0 /* Pass2ReadingContent.swift */ = {isa = PBXFileReference; lastKnownFileType = sourcecode.swift; path = "Data/Pass2ReadingContent.swift"; sourceTree = "<group>"; };
		AE135FFC1A70486CA589A04B /* Pass3ReadingContent.swift */ = {isa = PBXFileReference; lastKnownFileType = sourcecode.swift; path = "Data/Pass3ReadingContent.swift"; sourceTree = "<group>"; };
		6E841C8F65D04D2FBCDFF9FE /* RegionalSprintCatalog.swift */ = {isa = PBXFileReference; lastKnownFileType = sourcecode.swift; path = "Data/RegionalSprintCatalog.swift"; sourceTree = "<group>"; };
		94F418FEB7C24AA5A6F3FC48 /* ScheduleBFNCatalog.swift */ = {isa = PBXFileReference; lastKnownFileType = sourcecode.swift; path = "Data/ScheduleBFNCatalog.swift"; sourceTree = "<group>"; };
		EFC1E4B9180C48A7ACC2C1E3 /* ScheduleConstants.swift */ = {isa = PBXFileReference; lastKnownFileType = sourcecode.swift; path = "Data/ScheduleConstants.swift"; sourceTree = "<group>"; };
		45826772A77144A18E7E0061 /* ScheduleCrossCategory.swift */ = {isa = PBXFileReference; lastKnownFileType = sourcecode.swift; path = "Data/ScheduleCrossCategory.swift"; sourceTree = "<group>"; };
		C317149B6BA54BD98EDDBD0E /* ScheduleOpenStaxCatalog.swift */ = {isa = PBXFileReference; lastKnownFileType = sourcecode.swift; path = "Data/ScheduleOpenStaxCatalog.swift"; sourceTree = "<group>"; };
		600AB0F4EB1441C59B5F1E5E /* ScheduleSplitTrack.swift */ = {isa = PBXFileReference; lastKnownFileType = sourcecode.swift; path = "Data/ScheduleSplitTrack.swift"; sourceTree = "<group>"; };
		B18F44004A15400E826D1902 /* ScheduleVideoCatalog.swift */ = {isa = PBXFileReference; lastKnownFileType = sourcecode.swift; path = "Data/ScheduleVideoCatalog.swift"; sourceTree = "<group>"; };
		C02593A09BB3432E99DF307B /* SeedData.swift */ = {isa = PBXFileReference; lastKnownFileType = sourcecode.swift; path = "Data/SeedData.swift"; sourceTree = "<group>"; };
		F0B770A3D1F940DBB0A5B35E /* SeedDataWeeks1_4.swift */ = {isa = PBXFileReference; lastKnownFileType = sourcecode.swift; path = "Data/SeedDataWeeks1_4.swift"; sourceTree = "<group>"; };
		FC37F6B20027480F98D8E36D /* SeedDataWeeks5_10.swift */ = {isa = PBXFileReference; lastKnownFileType = sourcecode.swift; path = "Data/SeedDataWeeks5_10.swift"; sourceTree = "<group>"; };
		01893B4B4442433E8C9BA822 /* StudyReferenceSheets.swift */ = {isa = PBXFileReference; lastKnownFileType = sourcecode.swift; path = "Data/StudyReferenceSheets.swift"; sourceTree = "<group>"; };
		768C2D2F901C42A7AF91D9A6 /* TextbookReadingCatalog.swift */ = {isa = PBXFileReference; lastKnownFileType = sourcecode.swift; path = "Data/TextbookReadingCatalog.swift"; sourceTree = "<group>"; };
		CFF65D1295B04909B4C377B9 /* ChecklistItem.swift */ = {isa = PBXFileReference; lastKnownFileType = sourcecode.swift; path = "Models/ChecklistItem.swift"; sourceTree = "<group>"; };
		F856E9692C3941CC9CD0F38D /* DOEQuestion.swift */ = {isa = PBXFileReference; lastKnownFileType = sourcecode.swift; path = "Models/DOEQuestion.swift"; sourceTree = "<group>"; };
		CF1D38054B0E4BD49052D722 /* ElementData.swift */ = {isa = PBXFileReference; lastKnownFileType = sourcecode.swift; path = "Models/ElementData.swift"; sourceTree = "<group>"; };
		B46C0C2A87CB4B099531A16A /* Enums.swift */ = {isa = PBXFileReference; lastKnownFileType = sourcecode.swift; path = "Models/Enums.swift"; sourceTree = "<group>"; };
		2F73A3DFD11D4F2585126671 /* FlashCardItem.swift */ = {isa = PBXFileReference; lastKnownFileType = sourcecode.swift; path = "Models/FlashCardItem.swift"; sourceTree = "<group>"; };
		E8793C19F9784B32B2CB0D37 /* MathCountsModels.swift */ = {isa = PBXFileReference; lastKnownFileType = sourcecode.swift; path = "Models/MathCountsModels.swift"; sourceTree = "<group>"; };
		A7C9F31F3153473E942643CC /* MathDrillQuestion.swift */ = {isa = PBXFileReference; lastKnownFileType = sourcecode.swift; path = "Models/MathDrillQuestion.swift"; sourceTree = "<group>"; };
		A62CC290CAAE42C6A75BAFE2 /* MathTopic.swift */ = {isa = PBXFileReference; lastKnownFileType = sourcecode.swift; path = "Models/MathTopic.swift"; sourceTree = "<group>"; };
		90DD09D6E2144D489BAE546D /* MentalMathModels.swift */ = {isa = PBXFileReference; lastKnownFileType = sourcecode.swift; path = "Models/MentalMathModels.swift"; sourceTree = "<group>"; };
		887CD6A553FF42CAB4E93D3D /* MiniGameRoute.swift */ = {isa = PBXFileReference; lastKnownFileType = sourcecode.swift; path = "Models/MiniGameRoute.swift"; sourceTree = "<group>"; };
		E50044B1B05C4CD5941ACD50 /* NSBTopic.swift */ = {isa = PBXFileReference; lastKnownFileType = sourcecode.swift; path = "Models/NSBTopic.swift"; sourceTree = "<group>"; };
		B20867EDE88D496F8BEA5AB7 /* ProgressBackup.swift */ = {isa = PBXFileReference; lastKnownFileType = sourcecode.swift; path = "Models/ProgressBackup.swift"; sourceTree = "<group>"; };
		91E0938AF683469E8678CB5A /* ReadingSection.swift */ = {isa = PBXFileReference; lastKnownFileType = sourcecode.swift; path = "Models/ReadingSection.swift"; sourceTree = "<group>"; };
		85E31D4FB4764B21BEFB9482 /* StudyBlock+ReadingPace.swift */ = {isa = PBXFileReference; lastKnownFileType = sourcecode.swift; path = "Models/StudyBlock+ReadingPace.swift"; sourceTree = "<group>"; };
		E1CD15A802284C1BAC836A3A /* StudyBlock.swift */ = {isa = PBXFileReference; lastKnownFileType = sourcecode.swift; path = "Models/StudyBlock.swift"; sourceTree = "<group>"; };
		D5E48F477C174497A3386928 /* StudyNavigationRoute.swift */ = {isa = PBXFileReference; lastKnownFileType = sourcecode.swift; path = "Models/StudyNavigationRoute.swift"; sourceTree = "<group>"; };
		392D4CE9F5E44D379685029E /* StudyTextChunk.swift */ = {isa = PBXFileReference; lastKnownFileType = sourcecode.swift; path = "Models/StudyTextChunk.swift"; sourceTree = "<group>"; };
		E4F470048C734EAAA9F6BE86 /* ThemePalette.swift */ = {isa = PBXFileReference; lastKnownFileType = sourcecode.swift; path = "Models/ThemePalette.swift"; sourceTree = "<group>"; };
		9029E3EEC85041BD93751C41 /* TossupQuestion.swift */ = {isa = PBXFileReference; lastKnownFileType = sourcecode.swift; path = "Models/TossupQuestion.swift"; sourceTree = "<group>"; };
		51C2F79E7F0C41EB91E45EA1 /* UnifiedQuestion.swift */ = {isa = PBXFileReference; lastKnownFileType = sourcecode.swift; path = "Models/UnifiedQuestion.swift"; sourceTree = "<group>"; };
		7D7EE13D3E9E4DC3AD33A060 /* BuzzerNetworkService.swift */ = {isa = PBXFileReference; lastKnownFileType = sourcecode.swift; path = "Services/BuzzerNetworkService.swift"; sourceTree = "<group>"; };
		8E3E983E189745A1BC335533 /* CoachSummaryService.swift */ = {isa = PBXFileReference; lastKnownFileType = sourcecode.swift; path = "Services/CoachSummaryService.swift"; sourceTree = "<group>"; };
		6D7D11C28E60418E805B7E0D /* DOEPDFParser.swift */ = {isa = PBXFileReference; lastKnownFileType = sourcecode.swift; path = "Services/DOEPDFParser.swift"; sourceTree = "<group>"; };
		A6D6E7F9E8674555B8B49083 /* ElementProgressStore.swift */ = {isa = PBXFileReference; lastKnownFileType = sourcecode.swift; path = "Services/ElementProgressStore.swift"; sourceTree = "<group>"; };
		7F3D306C4FDA4817B4B73884 /* EncyclopediaStore.swift */ = {isa = PBXFileReference; lastKnownFileType = sourcecode.swift; path = "Services/EncyclopediaStore.swift"; sourceTree = "<group>"; };
		86D96FE9E3C44F508D7C90A4 /* HapticFeedback.swift */ = {isa = PBXFileReference; lastKnownFileType = sourcecode.swift; path = "Services/HapticFeedback.swift"; sourceTree = "<group>"; };
		7CC358DFD8744E7BBF98CE93 /* MathCountsAnswerChecker.swift */ = {isa = PBXFileReference; lastKnownFileType = sourcecode.swift; path = "Services/MathCountsAnswerChecker.swift"; sourceTree = "<group>"; };
		98E9C26606624B21B2423CCE /* MathCountsQuestionBank.swift */ = {isa = PBXFileReference; lastKnownFileType = sourcecode.swift; path = "Services/MathCountsQuestionBank.swift"; sourceTree = "<group>"; };
		FC500C4200B146F8A397B76E /* MathCountsStore.swift */ = {isa = PBXFileReference; lastKnownFileType = sourcecode.swift; path = "Services/MathCountsStore.swift"; sourceTree = "<group>"; };
		37B1F9E5909D4E359E2B9AF3 /* MathProgressService.swift */ = {isa = PBXFileReference; lastKnownFileType = sourcecode.swift; path = "Services/MathProgressService.swift"; sourceTree = "<group>"; };
		3F2F018F9E6F4AEBAAC024E5 /* MentalMathEngine.swift */ = {isa = PBXFileReference; lastKnownFileType = sourcecode.swift; path = "Services/MentalMathEngine.swift"; sourceTree = "<group>"; };
		7DC65881F9884CCBAD29F1EE /* MentalMathStore.swift */ = {isa = PBXFileReference; lastKnownFileType = sourcecode.swift; path = "Services/MentalMathStore.swift"; sourceTree = "<group>"; };
		5321872AEA9F42C98F9F3B6B /* PersistenceService.swift */ = {isa = PBXFileReference; lastKnownFileType = sourcecode.swift; path = "Services/PersistenceService.swift"; sourceTree = "<group>"; };
		FC6EA0D724A448CE8DAD43DA /* ProgressBackupService.swift */ = {isa = PBXFileReference; lastKnownFileType = sourcecode.swift; path = "Services/ProgressBackupService.swift"; sourceTree = "<group>"; };
		F9899D8BEE1E4C68AF54FB7A /* QuestionImportService.swift */ = {isa = PBXFileReference; lastKnownFileType = sourcecode.swift; path = "Services/QuestionImportService.swift"; sourceTree = "<group>"; };
		8F46645C99C8490A8CE0FFA9 /* RecentQuestionStore.swift */ = {isa = PBXFileReference; lastKnownFileType = sourcecode.swift; path = "Services/RecentQuestionStore.swift"; sourceTree = "<group>"; };
		86D4D5501DCD4C70A2CEE017 /* ScheduleHTMLResources.swift */ = {isa = PBXFileReference; lastKnownFileType = sourcecode.swift; path = "Services/ScheduleHTMLResources.swift"; sourceTree = "<group>"; };
		6F1D726334B340FC99A2AAA0 /* SpeechManager.swift */ = {isa = PBXFileReference; lastKnownFileType = sourcecode.swift; path = "Services/SpeechManager.swift"; sourceTree = "<group>"; };
		D0BF43355275486586CA4F18 /* SpeechTextSanitizer.swift */ = {isa = PBXFileReference; lastKnownFileType = sourcecode.swift; path = "Services/SpeechTextSanitizer.swift"; sourceTree = "<group>"; };
		605FD538FA10411A94AAED84 /* SpeechVoiceCatalog.swift */ = {isa = PBXFileReference; lastKnownFileType = sourcecode.swift; path = "Services/SpeechVoiceCatalog.swift"; sourceTree = "<group>"; };
		8081209BF91B4FF6A404ABB1 /* TextbookReadingProgressStore.swift */ = {isa = PBXFileReference; lastKnownFileType = sourcecode.swift; path = "Services/TextbookReadingProgressStore.swift"; sourceTree = "<group>"; };
		E846B20B7935443F80F8A069 /* XPManager.swift */ = {isa = PBXFileReference; lastKnownFileType = sourcecode.swift; path = "Services/XPManager.swift"; sourceTree = "<group>"; };
		1FDB0EB8191A49B9ACA29CD2 /* CalendarRootView.swift */ = {isa = PBXFileReference; lastKnownFileType = sourcecode.swift; path = "Views/Calendar/CalendarRootView.swift"; sourceTree = "<group>"; };
		DAE2F11244414E20AE492248 /* ContentView.swift */ = {isa = PBXFileReference; lastKnownFileType = sourcecode.swift; path = "Views/ContentView.swift"; sourceTree = "<group>"; };
		BA0D28439CFA472F96CE876F /* EncyclopediaPracticeViews.swift */ = {isa = PBXFileReference; lastKnownFileType = sourcecode.swift; path = "Views/Encyclopedia/EncyclopediaPracticeViews.swift"; sourceTree = "<group>"; };
		F981296F01384E0AB26F81B1 /* EncyclopediaRootView.swift */ = {isa = PBXFileReference; lastKnownFileType = sourcecode.swift; path = "Views/Encyclopedia/EncyclopediaRootView.swift"; sourceTree = "<group>"; };
		7C3E43922F744ADFA435A193 /* EncyclopediaSessionEndViews.swift */ = {isa = PBXFileReference; lastKnownFileType = sourcecode.swift; path = "Views/Encyclopedia/EncyclopediaSessionEndViews.swift"; sourceTree = "<group>"; };
		CAEE7966217E4848869E1527 /* EncyclopediaTopicDetailView.swift */ = {isa = PBXFileReference; lastKnownFileType = sourcecode.swift; path = "Views/Encyclopedia/EncyclopediaTopicDetailView.swift"; sourceTree = "<group>"; };
		3248DDFC4EB14B26B6DA9C7D /* LearnTypography.swift */ = {isa = PBXFileReference; lastKnownFileType = sourcecode.swift; path = "Views/Encyclopedia/LearnTypography.swift"; sourceTree = "<group>"; };
		DD7DFBFD409747C492D0C406 /* CellBuilderGameView.swift */ = {isa = PBXFileReference; lastKnownFileType = sourcecode.swift; path = "Views/Games/CellBuilderGameView.swift"; sourceTree = "<group>"; };
		7CEBBEBFFE464D60963B8FEF /* ElementBlitzGameView.swift */ = {isa = PBXFileReference; lastKnownFileType = sourcecode.swift; path = "Views/Games/ElementBlitzGameView.swift"; sourceTree = "<group>"; };
		209F3A23A68448E9AD9BE8A2 /* GameContent.swift */ = {isa = PBXFileReference; lastKnownFileType = sourcecode.swift; path = "Views/Games/GameContent.swift"; sourceTree = "<group>"; };
		C5CEFB22E7154A20A4773EA1 /* MiniGameShell.swift */ = {isa = PBXFileReference; lastKnownFileType = sourcecode.swift; path = "Views/Games/MiniGameShell.swift"; sourceTree = "<group>"; };
		89363ACE55A646D48280C477 /* MiniGamesHubView.swift */ = {isa = PBXFileReference; lastKnownFileType = sourcecode.swift; path = "Views/Games/MiniGamesHubView.swift"; sourceTree = "<group>"; };
		55FCD60FF341466997599041 /* MoleculeMatchGameView.swift */ = {isa = PBXFileReference; lastKnownFileType = sourcecode.swift; path = "Views/Games/MoleculeMatchGameView.swift"; sourceTree = "<group>"; };
		71E3CD9901D84169B884101E /* ScienceWordleGameView.swift */ = {isa = PBXFileReference; lastKnownFileType = sourcecode.swift; path = "Views/Games/ScienceWordleGameView.swift"; sourceTree = "<group>"; };
		924E8DD619BD4D0CBC0152B0 /* TrueOrFalseBlitzGameView.swift */ = {isa = PBXFileReference; lastKnownFileType = sourcecode.swift; path = "Views/Games/TrueOrFalseBlitzGameView.swift"; sourceTree = "<group>"; };
		9D893159102F454DA65DE0E9 /* MathCategoryView.swift */ = {isa = PBXFileReference; lastKnownFileType = sourcecode.swift; path = "Views/Math/MathCategoryView.swift"; sourceTree = "<group>"; };
		EE82AA74A7F64671BE3179C1 /* MathHomeView.swift */ = {isa = PBXFileReference; lastKnownFileType = sourcecode.swift; path = "Views/Math/MathHomeView.swift"; sourceTree = "<group>"; };
		E3E1A625C8AE49E6B281D5E9 /* MathScreenStyle.swift */ = {isa = PBXFileReference; lastKnownFileType = sourcecode.swift; path = "Views/Math/MathScreenStyle.swift"; sourceTree = "<group>"; };
		990FC13A194E4EF589A12CD1 /* MathTopicDetailView.swift */ = {isa = PBXFileReference; lastKnownFileType = sourcecode.swift; path = "Views/Math/MathTopicDetailView.swift"; sourceTree = "<group>"; };
		F4B2561D057E4F7DB62B81EA /* MathWeakAreaDrillView.swift */ = {isa = PBXFileReference; lastKnownFileType = sourcecode.swift; path = "Views/Math/MathWeakAreaDrillView.swift"; sourceTree = "<group>"; };
		F1BFB8471B664BB8A5F37767 /* MathCountsPracticeLoader.swift */ = {isa = PBXFileReference; lastKnownFileType = sourcecode.swift; path = "Views/MathCounts/MathCountsPracticeLoader.swift"; sourceTree = "<group>"; };
		05F99BB7F67C43D3959E446B /* MathCountsRootView.swift */ = {isa = PBXFileReference; lastKnownFileType = sourcecode.swift; path = "Views/MathCounts/MathCountsRootView.swift"; sourceTree = "<group>"; };
		8B9809BDAEC543698ED45848 /* MathCountsSessionView.swift */ = {isa = PBXFileReference; lastKnownFileType = sourcecode.swift; path = "Views/MathCounts/MathCountsSessionView.swift"; sourceTree = "<group>"; };
		83422DAEDEC74E4B8765C2A8 /* MentalMathDrillView.swift */ = {isa = PBXFileReference; lastKnownFileType = sourcecode.swift; path = "Views/MentalMath/MentalMathDrillView.swift"; sourceTree = "<group>"; };
		0A5CC3AAD56B43D5B22BD95E /* MentalMathRootView.swift */ = {isa = PBXFileReference; lastKnownFileType = sourcecode.swift; path = "Views/MentalMath/MentalMathRootView.swift"; sourceTree = "<group>"; };
		7AAE114AC32C449CAFFB2E12 /* POT6BooksView.swift */ = {isa = PBXFileReference; lastKnownFileType = sourcecode.swift; path = "Views/POT/POT6BooksView.swift"; sourceTree = "<group>"; };
		9FD64E5A5D7E42E9B4D06D94 /* POT6CatchUpView.swift */ = {isa = PBXFileReference; lastKnownFileType = sourcecode.swift; path = "Views/POT/POT6CatchUpView.swift"; sourceTree = "<group>"; };
		84D90E9FED704827BBAC3003 /* POT6GeometryCatchUpView.swift */ = {isa = PBXFileReference; lastKnownFileType = sourcecode.swift; path = "Views/POT/POT6GeometryCatchUpView.swift"; sourceTree = "<group>"; };
		8B00870568B441C7812B254E /* POT6GeometryRootView.swift */ = {isa = PBXFileReference; lastKnownFileType = sourcecode.swift; path = "Views/POT/POT6GeometryRootView.swift"; sourceTree = "<group>"; };
		3C242C71B7C3420AB32558A4 /* POT6GeometrySubgroupView.swift */ = {isa = PBXFileReference; lastKnownFileType = sourcecode.swift; path = "Views/POT/POT6GeometrySubgroupView.swift"; sourceTree = "<group>"; };
		5A9384D4D52E46D9BB00BE0F /* POT6ReadingOptionsView.swift */ = {isa = PBXFileReference; lastKnownFileType = sourcecode.swift; path = "Views/POT/POT6ReadingOptionsView.swift"; sourceTree = "<group>"; };
		0BC5834A9D464AA792774104 /* POT6Resources.swift */ = {isa = PBXFileReference; lastKnownFileType = sourcecode.swift; path = "Views/POT/POT6Resources.swift"; sourceTree = "<group>"; };
		14975BB486E54BC7A7960F75 /* POT6RootView.swift */ = {isa = PBXFileReference; lastKnownFileType = sourcecode.swift; path = "Views/POT/POT6RootView.swift"; sourceTree = "<group>"; };
		A03376A9060942BB9F8E9930 /* PeriodicTableViews.swift */ = {isa = PBXFileReference; lastKnownFileType = sourcecode.swift; path = "Views/PeriodicTable/PeriodicTableViews.swift"; sourceTree = "<group>"; };
		478ABCB6A46846A190327667 /* EncyclopediaProgressSection.swift */ = {isa = PBXFileReference; lastKnownFileType = sourcecode.swift; path = "Views/Progress/EncyclopediaProgressSection.swift"; sourceTree = "<group>"; };
		2EFBE13FCAB644B88F99320B /* ProgressDashboardView.swift */ = {isa = PBXFileReference; lastKnownFileType = sourcecode.swift; path = "Views/Progress/ProgressDashboardView.swift"; sourceTree = "<group>"; };
		06437715A8364CF5BA89F665 /* BuzzerRemoteView.swift */ = {isa = PBXFileReference; lastKnownFileType = sourcecode.swift; path = "Views/Quiz/BuzzerRemoteView.swift"; sourceTree = "<group>"; };
		0CCCDDE16139473081CE15CA /* DOEViews.swift */ = {isa = PBXFileReference; lastKnownFileType = sourcecode.swift; path = "Views/Quiz/DOEViews.swift"; sourceTree = "<group>"; };
		8D9F56B4BC174080826494D0 /* HewittChapter17Views.swift */ = {isa = PBXFileReference; lastKnownFileType = sourcecode.swift; path = "Views/Quiz/HewittChapter17Views.swift"; sourceTree = "<group>"; };
		AA15FDB9DC0B4D959902521E /* PlanDrillView.swift */ = {isa = PBXFileReference; lastKnownFileType = sourcecode.swift; path = "Views/Quiz/PlanDrillView.swift"; sourceTree = "<group>"; };
		BC4631388EAE42D194C349EA /* QuizRootView.swift */ = {isa = PBXFileReference; lastKnownFileType = sourcecode.swift; path = "Views/Quiz/QuizRootView.swift"; sourceTree = "<group>"; };
		4FD85DD0D3E54BE4B592E90F /* RegionalSprintViews.swift */ = {isa = PBXFileReference; lastKnownFileType = sourcecode.swift; path = "Views/Quiz/RegionalSprintViews.swift"; sourceTree = "<group>"; };
		9C388BCA41BB4563B7133E53 /* TossupDrillView.swift */ = {isa = PBXFileReference; lastKnownFileType = sourcecode.swift; path = "Views/Quiz/TossupDrillView.swift"; sourceTree = "<group>"; };
		FB27E3176CBE4096A747A185 /* SettingsView.swift */ = {isa = PBXFileReference; lastKnownFileType = sourcecode.swift; path = "Views/Settings/SettingsView.swift"; sourceTree = "<group>"; };
		7C4D4AE748C64AD0B6CA8D69 /* BuzzerDrillComponents.swift */ = {isa = PBXFileReference; lastKnownFileType = sourcecode.swift; path = "Views/Shared/BuzzerDrillComponents.swift"; sourceTree = "<group>"; };
		7AFC30DEEB4E4DBD8E3F81A5 /* DesignSystem.swift */ = {isa = PBXFileReference; lastKnownFileType = sourcecode.swift; path = "Views/Shared/DesignSystem.swift"; sourceTree = "<group>"; };
		D26ED7F718A84B9E981C97BD /* DrillFeedbackViews.swift */ = {isa = PBXFileReference; lastKnownFileType = sourcecode.swift; path = "Views/Shared/DrillFeedbackViews.swift"; sourceTree = "<group>"; };
		A50EC68302BD4FACAF95C3D0 /* HTMLWebView.swift */ = {isa = PBXFileReference; lastKnownFileType = sourcecode.swift; path = "Views/Shared/HTMLWebView.swift"; sourceTree = "<group>"; };
		836BD3B2BD54423C9C404752 /* PlatformCompatibility.swift */ = {isa = PBXFileReference; lastKnownFileType = sourcecode.swift; path = "Views/Shared/PlatformCompatibility.swift"; sourceTree = "<group>"; };
		3BB0D6DA3B2D4302B671AD22 /* QuestionSpeechControls.swift */ = {isa = PBXFileReference; lastKnownFileType = sourcecode.swift; path = "Views/Shared/QuestionSpeechControls.swift"; sourceTree = "<group>"; };
		CE1167D00A824975B01CFA59 /* SharedComponents.swift */ = {isa = PBXFileReference; lastKnownFileType = sourcecode.swift; path = "Views/Shared/SharedComponents.swift"; sourceTree = "<group>"; };
		8047F30BBE074C04AFA8CE4C /* StudyNavigationDestination.swift */ = {isa = PBXFileReference; lastKnownFileType = sourcecode.swift; path = "Views/Shared/StudyNavigationDestination.swift"; sourceTree = "<group>"; };
		F24C984E846E4C73A0275759 /* BlockStudyMaterialView.swift */ = {isa = PBXFileReference; lastKnownFileType = sourcecode.swift; path = "Views/Today/BlockStudyMaterialView.swift"; sourceTree = "<group>"; };
		C6A12E3812764B1BA555597F /* Pass3BookLinksCard.swift */ = {isa = PBXFileReference; lastKnownFileType = sourcecode.swift; path = "Views/Today/Pass3BookLinksCard.swift"; sourceTree = "<group>"; };
		E19421622F96427BB6D2E46A /* StudyMaterialComponents.swift */ = {isa = PBXFileReference; lastKnownFileType = sourcecode.swift; path = "Views/Today/StudyMaterialComponents.swift"; sourceTree = "<group>"; };
		E4EA86CE09BC4CE6BE3D3F1D /* StudySessionView.swift */ = {isa = PBXFileReference; lastKnownFileType = sourcecode.swift; path = "Views/Today/StudySessionView.swift"; sourceTree = "<group>"; };
		DC4C558DE5544E548EC6CD44 /* TodayView.swift */ = {isa = PBXFileReference; lastKnownFileType = sourcecode.swift; path = "Views/Today/TodayView.swift"; sourceTree = "<group>"; };
		B74C73D7236C44CD928A5013 /* TopicBrowserView.swift */ = {isa = PBXFileReference; lastKnownFileType = sourcecode.swift; path = "Views/Today/TopicBrowserView.swift"; sourceTree = "<group>"; };
		8351A90E3D0644E6A9376470 /* TopicDetailView.swift */ = {isa = PBXFileReference; lastKnownFileType = sourcecode.swift; path = "Views/Today/TopicDetailView.swift"; sourceTree = "<group>"; };
		1461534E14384E79BBD1CCC6 /* NSBTopicReadingViews.swift */ = {isa = PBXFileReference; lastKnownFileType = sourcecode.swift; path = "Views/Topics/NSBTopicReadingViews.swift"; sourceTree = "<group>"; };
		FDE75CFD939C40A389267C2A /* NSBTopicsRootView.swift */ = {isa = PBXFileReference; lastKnownFileType = sourcecode.swift; path = "Views/Topics/NSBTopicsRootView.swift"; sourceTree = "<group>"; };
		EAC4130C1D234F939165C0BC /* TextbookReadingProgressViews.swift */ = {isa = PBXFileReference; lastKnownFileType = sourcecode.swift; path = "Views/Topics/TextbookReadingProgressViews.swift"; sourceTree = "<group>"; };
		0A3E2962BC85464A84D87F26 /* WeekScheduleContent.swift */ = {isa = PBXFileReference; lastKnownFileType = sourcecode.swift; path = "Views/Weeks/WeekScheduleContent.swift"; sourceTree = "<group>"; };
		60A5C92B1AE04FD58AF78596 /* WeeksRootView.swift */ = {isa = PBXFileReference; lastKnownFileType = sourcecode.swift; path = "Views/Weeks/WeeksRootView.swift"; sourceTree = "<group>"; };
		BDE29D6DA3F34D30A898750B /* Assets.xcassets */ = {isa = PBXFileReference; lastKnownFileType = folder.assetcatalog; path = Resources/Assets.xcassets; sourceTree = "<group>"; };
		02DC939297B2445B92FF85B8 /* doe_starter_cache.json */ = {isa = PBXFileReference; lastKnownFileType = text.json; path = "Resources/StudyContent/doe_starter_cache.json"; sourceTree = "<group>"; };
		49B16E19242241E1A9A01BDE /* hewitt_ch17_questions.json */ = {isa = PBXFileReference; lastKnownFileType = text.json; path = "Resources/StudyContent/hewitt_ch17_questions.json"; sourceTree = "<group>"; };
		D802EC63D27644BD95A5EB31 /* questions.json */ = {isa = PBXFileReference; lastKnownFileType = text.json; path = "Resources/StudyContent/questions.json"; sourceTree = "<group>"; };
		FCF9EC065C1445E885A62C3F /* topic_readings.json */ = {isa = PBXFileReference; lastKnownFileType = text.json; path = "Resources/StudyContent/topic_readings.json"; sourceTree = "<group>"; };
		3EAFDA76BB2B4B3697D40884 /* topics.json */ = {isa = PBXFileReference; lastKnownFileType = text.json; path = "Resources/StudyContent/topics.json"; sourceTree = "<group>"; };
		0BA160B2B81645388A81B376 /* periodic-table-print.html */ = {isa = PBXFileReference; lastKnownFileType = text.html; path = "Resources/Schedule/periodic-table-print.html"; sourceTree = "<group>"; };
		BBE15E3944174492AD31C218 /* periodic-table-study.html */ = {isa = PBXFileReference; lastKnownFileType = text.html; path = "Resources/Schedule/periodic-table-study.html"; sourceTree = "<group>"; };
		5D7725C32A774FA5A4DE524F /* science-bowl-prep.html */ = {isa = PBXFileReference; lastKnownFileType = text.html; path = "Resources/Schedule/science-bowl-prep.html"; sourceTree = "<group>"; };
		62D2AE051B7849559378853B /* summer-2026-whiteboard.html */ = {isa = PBXFileReference; lastKnownFileType = text.html; path = "Resources/Schedule/summer-2026-whiteboard.html"; sourceTree = "<group>"; };
		04956194ED8744989616A8E7 /* weekly-timetable.html */ = {isa = PBXFileReference; lastKnownFileType = text.html; path = "Resources/Schedule/weekly-timetable.html"; sourceTree = "<group>"; };
/* End PBXFileReference section */

/* Begin PBXFrameworksBuildPhase section */
		F92CAC9FDD3E4B2F9456BE32 /* Frameworks */ = {isa = PBXFrameworksBuildPhase; buildActionMask = 2147483647; files = (); runOnlyForDeploymentPostprocessing = 0; };
/* End PBXFrameworksBuildPhase section */

/* Begin PBXGroup section */
		7DC7D2E8DD854AA78552F982 = {isa = PBXGroup; children = (D1481A08F08440DD9D377142 /* Resources */, FEF920226AB54C41B5A3E323 /* Products */); sourceTree = "<group>"; };
		FEF920226AB54C41B5A3E323 = {isa = PBXGroup; children = (C9C1BD91DD7B416AA33F57FB /* ScienceBowlCoach.app */); name = Products; sourceTree = "<group>"; };
		D1481A08F08440DD9D377142 = {isa = PBXGroup; children = (BDE29D6DA3F34D30A898750B /* Assets.xcassets */, 02DC939297B2445B92FF85B8 /* doe_starter_cache.json */, 49B16E19242241E1A9A01BDE /* hewitt_ch17_questions.json */, D802EC63D27644BD95A5EB31 /* questions.json */, FCF9EC065C1445E885A62C3F /* topic_readings.json */, 3EAFDA76BB2B4B3697D40884 /* topics.json */, 0BA160B2B81645388A81B376 /* periodic-table-print.html */, BBE15E3944174492AD31C218 /* periodic-table-study.html */, 5D7725C32A774FA5A4DE524F /* science-bowl-prep.html */, 62D2AE051B7849559378853B /* summer-2026-whiteboard.html */, 04956194ED8744989616A8E7 /* weekly-timetable.html */); name = Resources; sourceTree = "<group>"; };
/* End PBXGroup section */

/* Begin PBXNativeTarget section */
		B0E3E886346846CCBCBB55D8 /* ScienceBowlCoach */ = {
			isa = PBXNativeTarget;
			buildConfigurationList = B91589A4B4C24EC485163DE9;
			buildPhases = (486EDF998E20414981DDAD69 /* Sources */, F92CAC9FDD3E4B2F9456BE32 /* Frameworks */, 7ABAD96A38244BAF95D360DB /* Resources */);
			buildRules = (); dependencies = ();
			name = ScienceBowlCoach; productName = ScienceBowlCoach;
			productReference = C9C1BD91DD7B416AA33F57FB; productType = "com.apple.product-type.application";
		};
/* End PBXNativeTarget section */

/* Begin PBXProject section */
		48F6C237F2D7433DA6A30F58 /* Project object */ = {
			isa = PBXProject;
			attributes = {BuildIndependentTargetsInParallel = 1; LastSwiftUpdateCheck = 1500; LastUpgradeCheck = 1500;};
			buildConfigurationList = D1602199DF8640AB914D0AA2;
			compatibilityVersion = "Xcode 14.0"; developmentRegion = en; hasScannedForEncodings = 0;
			knownRegions = (en, Base);
			mainGroup = 7DC7D2E8DD854AA78552F982; productRefGroup = FEF920226AB54C41B5A3E323;
			projectDirPath = ""; projectRoot = "";
			targets = (B0E3E886346846CCBCBB55D8 /* ScienceBowlCoach */);
		};
/* End PBXProject section */

/* Begin PBXResourcesBuildPhase section */
		7ABAD96A38244BAF95D360DB = {isa = PBXResourcesBuildPhase; buildActionMask = 2147483647; files = (2E3809D735204C5DA22A159C /* Resource */, 724FECCB298E43D6B1E39DA1 /* Resource */, 5957A73B274E4C5EA5835949 /* Resource */, 4827C51E458E4E8CB9D56DB3 /* Resource */, 4EDD8A24DF0B4AE7AEE05398 /* Resource */, 13FF5CAFFBB5446ABBA34771 /* Resource */, AA90BA520E8E4F7D9C8D7D8B /* Resource */, CD086ADD11FF4FEB8C76B26E /* Resource */, 634AAAD71FD54B129EADBD5A /* Resource */, 4FBB7889391643AA8FD99DFA /* Resource */, 3612818A758B420D84D66722 /* Resource */); runOnlyForDeploymentPostprocessing = 0; };
/* End PBXResourcesBuildPhase section */

/* Begin PBXSourcesBuildPhase section */
		486EDF998E20414981DDAD69 = {isa = PBXSourcesBuildPhase; buildActionMask = 2147483647; files = (
			FC36CEE2C87842E2B2F3188C /* ScienceBowlCoachApp.swift */,
			9AAED89F7FC84D6B99CF3B9B /* AppState+Features.swift */,
			698E94192FE34E06B48FBB71 /* AppState+Hewitt.swift */,
			06FCA3CE990B4EE0A134FEAC /* AppState+POTCatchUp.swift */,
			FDD24CA70A91413AA2B12BD9 /* AppState+RegionalSprint.swift */,
			6CC3D8A249A64807B9199443 /* AppState+Schedule.swift */,
			0B47C61B06F949709D62FA76 /* AppState.swift */,
			1B6BF5FEBC9D4524B9E2B891 /* BFNAlgebraCatalog.swift */,
			193E6D9EA7AF46E28C67161A /* BFNAlgebraSchedule.swift */,
			155E252BC70B45C4B0FC84F5 /* BFNChemistryCatalog.swift */,
			8EDA507366D04DEEB07EF338 /* BFNChemistrySchedule.swift */,
			8E029610853543129C796EB5 /* BiologyTextbookCatalog.swift */,
			0ADBDC62AD5D4D65AFBAD2E1 /* BlockAssignedReadingCatalog.swift */,
			EE569522482341A4ABF38C4A /* BlockReadingContent.swift */,
			5F5CDF75867643B99AD57823 /* CampbellBiologyCatalog.swift */,
			94D4EEC198DC46E8B4008C35 /* ChemistryTextbookCatalog.swift */,
			4BAB10BB760243FD9B96BEB0 /* ConceptualPhysicalScienceExplorationsCatalog.swift */,
			C93683E9DF8B4342A3E1E7FA /* DeepDiveContent.swift */,
			F6481039A19246C9ABBB2A9A /* FocusOnLifeScienceCatalog.swift */,
			6E614295EF524775A51D27E4 /* HewittChapter17Catalog.swift */,
			B5CF767837E042488C1D1598 /* MSNSBOfficialCatalog.swift */,
			240CBB2D5BBA4E66AA16F03C /* MSNSBStudyScope.swift */,
			164CF06CF96941E9ADEBA9A8 /* MathAlgebraReadingCatalog.swift */,
			3F8FD99A322F45519B3C2D8F /* MathCountsCoachPersona.swift */,
			0039C3063F46477C842EFF64 /* MathQuizCatalog.swift */,
			ED8532984CC34BF6B5A05C5A /* NSBTopicReadingCatalog.swift */,
			8908E3ACF9884D53AB3FA98E /* OpenStaxBiologyCatalog.swift */,
			FA87E229116848449C25C02F /* POT6AlgebraCatalog.swift */,
			16BF45ABA55B417B8AB17D2D /* POT6CatchUpCatalog.swift */,
			4DCF162C1E414CEB85A176D7 /* POT6DrillBank.swift */,
			C2D3F10B2FAF4D51BF95AF0E /* POT6GeometryCatalog.swift */,
			6DB3B83C5B4D4158A12828BD /* POT6TopicRegistry.swift */,
			0DD0A06EAD334017A4E7255E /* Pass1ReadingContent.swift */,
			1EA2ADCCB16E4CF78728E1F0 /* Pass2ReadingContent.swift */,
			BD9FA8C5AE9740009E0347E5 /* Pass3ReadingContent.swift */,
			4D51F764D0ED4DE9BF69C3C7 /* RegionalSprintCatalog.swift */,
			41300D873EBF4035943F52FC /* ScheduleBFNCatalog.swift */,
			7CD4A52DD233421F98E1294F /* ScheduleConstants.swift */,
			7E558DF205A34ADF8FECF72B /* ScheduleCrossCategory.swift */,
			1DF67CEEB0124EFEBCAC3DE8 /* ScheduleOpenStaxCatalog.swift */,
			293913B3FF2146F4B46681CF /* ScheduleSplitTrack.swift */,
			3717963E34EC4C8CBA6E8189 /* ScheduleVideoCatalog.swift */,
			26D31FB840444ECF99F1CEF5 /* SeedData.swift */,
			492F9A7166604C98A64E6761 /* SeedDataWeeks1_4.swift */,
			ECCF8DEB601646748A049B0F /* SeedDataWeeks5_10.swift */,
			A68F729096BA477D8352828E /* StudyReferenceSheets.swift */,
			094817DB194A4AFFA48399CF /* TextbookReadingCatalog.swift */,
			DF179F9EA6C34C08BC5575E7 /* ChecklistItem.swift */,
			D707F57D04B948D7A9DD655A /* DOEQuestion.swift */,
			128ABDFCE1E641A082A559B5 /* ElementData.swift */,
			AE6D4FC6830D47078441AAA0 /* Enums.swift */,
			4E0B5BB0EC8C4AB395C0818A /* FlashCardItem.swift */,
			F316B87504F744A98CA17DEC /* MathCountsModels.swift */,
			8546B5E092E8425A81E00664 /* MathDrillQuestion.swift */,
			D30FE9E030A246A38556F244 /* MathTopic.swift */,
			C2E460E0B7F7427881DC4168 /* MentalMathModels.swift */,
			E0CC41276FC8462D9670655B /* MiniGameRoute.swift */,
			5627EB3EC062468D990D5709 /* NSBTopic.swift */,
			6B3EC2255711481F99E932B3 /* ProgressBackup.swift */,
			FAAD96EC79DA4125AD0F3534 /* ReadingSection.swift */,
			878CDF5F95BB4F4D8CEF44C9 /* StudyBlock+ReadingPace.swift */,
			F283A37D79C4412EA5BD1C5B /* StudyBlock.swift */,
			342033AD367F484280BE0E3B /* StudyNavigationRoute.swift */,
			7C99AD7A5E7748EEBC157CCB /* StudyTextChunk.swift */,
			366E8F41C2FC4074A3890F1A /* ThemePalette.swift */,
			20CBC750922C45A5BB9D6236 /* TossupQuestion.swift */,
			ADF681BDF50B4381AE8A0024 /* UnifiedQuestion.swift */,
			AF28002EC7704BFB99782DC6 /* BuzzerNetworkService.swift */,
			829930E6302D402083641653 /* CoachSummaryService.swift */,
			5C5C7975ABF542FCAB841E49 /* DOEPDFParser.swift */,
			428E9AD8165C4F8CB10AD969 /* ElementProgressStore.swift */,
			498454E0F7394C74AB309B2C /* EncyclopediaStore.swift */,
			A0E7C3BBDCD64924BBEEC192 /* HapticFeedback.swift */,
			06D937F7FCC34C188536AA68 /* MathCountsAnswerChecker.swift */,
			B29ED63C398F4B95B1F415A1 /* MathCountsQuestionBank.swift */,
			580DCF96A1144190B0DC5ED5 /* MathCountsStore.swift */,
			8AEFF7F120444DDD9B25604E /* MathProgressService.swift */,
			881113146E3E40D9A09DC940 /* MentalMathEngine.swift */,
			A8DF59AA56D64469A94AAEE2 /* MentalMathStore.swift */,
			311A055EF38E442C94F10374 /* PersistenceService.swift */,
			E44937D9F3044DB19911F691 /* ProgressBackupService.swift */,
			B11079B6DCFE4E3CBA97156F /* QuestionImportService.swift */,
			3ABE6FC8DC9141249F086D21 /* RecentQuestionStore.swift */,
			22F9F68028734460B5D3111E /* ScheduleHTMLResources.swift */,
			1250DE50AC4C4BA78C02D66B /* SpeechManager.swift */,
			03F0455131C94633BF120774 /* SpeechTextSanitizer.swift */,
			0F2706A60BFE41E9A83CEA74 /* SpeechVoiceCatalog.swift */,
			8683BE85E18E4E8F8DA15346 /* TextbookReadingProgressStore.swift */,
			F175938A5CDF440A9A5F5D01 /* XPManager.swift */,
			29E983100A28431C8D6AD5AD /* CalendarRootView.swift */,
			A1644327A28B41D1AEF7066F /* ContentView.swift */,
			69C9A55CC1A84B059C270D78 /* EncyclopediaPracticeViews.swift */,
			4582F5F031D2482EB52893DF /* EncyclopediaRootView.swift */,
			8CC0EDB5F8544C1883F326AA /* EncyclopediaSessionEndViews.swift */,
			72B4C04C2944452B98301E7D /* EncyclopediaTopicDetailView.swift */,
			9883E9468E6746BD86F7D40E /* LearnTypography.swift */,
			BC0323011AE74BDBA06B586C /* CellBuilderGameView.swift */,
			D61648EB7EE34290A4AA5C8E /* ElementBlitzGameView.swift */,
			18DC55490E88415180404E36 /* GameContent.swift */,
			4DA640B9941643DFBA4052D9 /* MiniGameShell.swift */,
			5CFD0DB802774164BE8D1446 /* MiniGamesHubView.swift */,
			BA9F020203844CA89CC86E9E /* MoleculeMatchGameView.swift */,
			0BDC23E6289E4CEA9ABDA9F7 /* ScienceWordleGameView.swift */,
			CC10D993F26F487298E82A24 /* TrueOrFalseBlitzGameView.swift */,
			9DEC5CD2DAE848C191DB915F /* MathCategoryView.swift */,
			E2F6376942D04F95A5822BDC /* MathHomeView.swift */,
			6F99D50CF3D048B0929A40DC /* MathScreenStyle.swift */,
			35A92FB25B0B4432A67DDD73 /* MathTopicDetailView.swift */,
			8CB40C63A63F42B6BE51BD80 /* MathWeakAreaDrillView.swift */,
			FB90E2A31A104B99BF4A2812 /* MathCountsPracticeLoader.swift */,
			FAC89D251BB74129B9CC6357 /* MathCountsRootView.swift */,
			2FD0B638BCED4A539A69960F /* MathCountsSessionView.swift */,
			1DACA499B4D14E898B013F44 /* MentalMathDrillView.swift */,
			6F050B10AA054860BB87F8D3 /* MentalMathRootView.swift */,
			E989E145A4E346F797B1BD20 /* POT6BooksView.swift */,
			D5A9979E04BC455AB879858B /* POT6CatchUpView.swift */,
			EC89F886DCB048568AA288C8 /* POT6GeometryCatchUpView.swift */,
			307A4F7475A74F4FB3DE104F /* POT6GeometryRootView.swift */,
			11A2B92AA5DC4188A701C50B /* POT6GeometrySubgroupView.swift */,
			D9A5465969E748D48714E4F1 /* POT6ReadingOptionsView.swift */,
			A8D6A4F6F89941A1B47EE3B1 /* POT6Resources.swift */,
			E9102EDAC4B8438F8D4DC069 /* POT6RootView.swift */,
			F6F849DB8E784346B421292D /* PeriodicTableViews.swift */,
			162728D7738E44B7B5ABF958 /* EncyclopediaProgressSection.swift */,
			D95915B67EA94F0ABE73ACC0 /* ProgressDashboardView.swift */,
			F706C05DAAC144C388F98E20 /* BuzzerRemoteView.swift */,
			B0E9982B849E4CA2A7D2063D /* DOEViews.swift */,
			E1E8E5E9D88143598CFDE754 /* HewittChapter17Views.swift */,
			A17AC09963BE4ADB87F1565A /* PlanDrillView.swift */,
			C3FFF4F5C4614354A0FB4A13 /* QuizRootView.swift */,
			A1C6763DB0D240EFBD62CD3B /* RegionalSprintViews.swift */,
			E6AC4EFB2D734FC990831C34 /* TossupDrillView.swift */,
			B388BE357E174ADCB454C5AD /* SettingsView.swift */,
			0249C24171934F8FB44414DF /* BuzzerDrillComponents.swift */,
			9E4955F6B4E84D119203BA7F /* DesignSystem.swift */,
			000DDE0840DE41919CD9D710 /* DrillFeedbackViews.swift */,
			97A7EF3990874CF2A0084212 /* HTMLWebView.swift */,
			F6387E48E22048A39B6D3460 /* PlatformCompatibility.swift */,
			A232FBE4E25E41C6AB4A8A3A /* QuestionSpeechControls.swift */,
			362E0E54BFA243F7A98A655A /* SharedComponents.swift */,
			FE686E466441464FAF0B484D /* StudyNavigationDestination.swift */,
			968AA2441A2E4FD09542F35B /* BlockStudyMaterialView.swift */,
			1247E333D8CE4BB3BC99DEBB /* Pass3BookLinksCard.swift */,
			8D0FE30174594C2CAE741424 /* StudyMaterialComponents.swift */,
			B01C8291E56C47F481DB9A35 /* StudySessionView.swift */,
			B4785BE681454EE095E2E32A /* TodayView.swift */,
			6DA08E0587234F0A86094C61 /* TopicBrowserView.swift */,
			31CA1E34598C4763AEC48F92 /* TopicDetailView.swift */,
			0A25DCE37D9045F78D3ED7C0 /* NSBTopicReadingViews.swift */,
			3C0C2AA649BA43259DB44129 /* NSBTopicsRootView.swift */,
			8187D1B05C6C4FDB83032E04 /* TextbookReadingProgressViews.swift */,
			AADA4B5AAB2E4A39B6241EFA /* WeekScheduleContent.swift */,
			A5D44E5031B04F18875352E2 /* WeeksRootView.swift */,
		); runOnlyForDeploymentPostprocessing = 0; };
/* End PBXSourcesBuildPhase section */

/* Begin XCBuildConfiguration section */
		DD7ED943B1874BC7A5F87BEB /* Debug */ = {isa = XCBuildConfiguration; buildSettings = {
				ALWAYS_SEARCH_USER_PATHS = NO; CLANG_ENABLE_MODULES = YES;
				COPY_PHASE_STRIP = NO; ENABLE_STRICT_OBJC_MSGSEND = YES;
				IPHONEOS_DEPLOYMENT_TARGET = 17.0;
				MACOSX_DEPLOYMENT_TARGET = 14.0;
				SDKROOT = auto;
				DEBUG_INFORMATION_FORMAT = dwarf; MTL_ENABLE_DEBUG_INFO = INCLUDE_SOURCE;
				ONLY_ACTIVE_ARCH = YES; SWIFT_ACTIVE_COMPILATION_CONDITIONS = DEBUG; SWIFT_OPTIMIZATION_LEVEL = "-Onone";
			}; name = Debug; };
		6A8580221DA34CFDB125F372 /* Release */ = {isa = XCBuildConfiguration; buildSettings = {
				ALWAYS_SEARCH_USER_PATHS = NO; CLANG_ENABLE_MODULES = YES;
				COPY_PHASE_STRIP = NO; ENABLE_STRICT_OBJC_MSGSEND = YES;
				IPHONEOS_DEPLOYMENT_TARGET = 17.0;
				MACOSX_DEPLOYMENT_TARGET = 14.0;
				SDKROOT = auto;
				DEBUG_INFORMATION_FORMAT = "dwarf-with-dsym"; SWIFT_COMPILATION_MODE = wholemodule; VALIDATE_PRODUCT = YES;
			}; name = Release; };
		54079F382DFC48C583CEDCDF /* Debug */ = {isa = XCBuildConfiguration; buildSettings = {
				ASSETCATALOG_COMPILER_APPICON_NAME = AppIcon;
				CODE_SIGN_STYLE = Automatic; CURRENT_PROJECT_VERSION = 1;
				GENERATE_INFOPLIST_FILE = YES;
				INFOPLIST_KEY_CFBundleDisplayName = "Science Bowl Coach";
				INFOPLIST_KEY_UIApplicationSceneManifest_Generation = YES;
				INFOPLIST_KEY_UILaunchScreen_Generation = YES;
				INFOPLIST_KEY_UISupportedInterfaceOrientations = UIInterfaceOrientationPortrait;
				INFOPLIST_KEY_NSLocalNetworkUsageDescription = "Connect iPhone buzzer to Mac drill on the same Wi-Fi network.";
				INFOPLIST_KEY_NSBonjourServices = _sbcoachbuzz;
				INFOPLIST_KEY_LSMinimumSystemVersion = 14.0;
				IPHONEOS_DEPLOYMENT_TARGET = 17.0;
				MACOSX_DEPLOYMENT_TARGET = 14.0;
				LD_RUNPATH_SEARCH_PATHS = ("$(inherited)", "@executable_path/Frameworks");
				MARKETING_VERSION = 1.1.0;
				PRODUCT_BUNDLE_IDENTIFIER = com.farahrasheed.ScienceBowlCoach;
				PRODUCT_NAME = "$(TARGET_NAME)"; SWIFT_EMIT_LOC_STRINGS = YES; SWIFT_VERSION = 5.0;
				SDKROOT = auto;
				SUPPORTED_PLATFORMS = "iphoneos iphonesimulator macosx";
				SUPPORTS_MACCATALYST = NO;
				TARGETED_DEVICE_FAMILY = "1,2";
				ENABLE_HARDENED_RUNTIME = YES;
			}; name = Debug; };
		9CB364B65E614F9FB489C519 /* Release */ = {isa = XCBuildConfiguration; buildSettings = {
				ASSETCATALOG_COMPILER_APPICON_NAME = AppIcon;
				CODE_SIGN_STYLE = Automatic; CURRENT_PROJECT_VERSION = 1;
				GENERATE_INFOPLIST_FILE = YES;
				INFOPLIST_KEY_CFBundleDisplayName = "Science Bowl Coach";
				INFOPLIST_KEY_UIApplicationSceneManifest_Generation = YES;
				INFOPLIST_KEY_UILaunchScreen_Generation = YES;
				INFOPLIST_KEY_UISupportedInterfaceOrientations = UIInterfaceOrientationPortrait;
				INFOPLIST_KEY_NSLocalNetworkUsageDescription = "Connect iPhone buzzer to Mac drill on the same Wi-Fi network.";
				INFOPLIST_KEY_NSBonjourServices = _sbcoachbuzz;
				INFOPLIST_KEY_LSMinimumSystemVersion = 14.0;
				IPHONEOS_DEPLOYMENT_TARGET = 17.0;
				MACOSX_DEPLOYMENT_TARGET = 14.0;
				LD_RUNPATH_SEARCH_PATHS = ("$(inherited)", "@executable_path/Frameworks");
				MARKETING_VERSION = 1.1.0;
				PRODUCT_BUNDLE_IDENTIFIER = com.farahrasheed.ScienceBowlCoach;
				PRODUCT_NAME = "$(TARGET_NAME)"; SWIFT_EMIT_LOC_STRINGS = YES; SWIFT_VERSION = 5.0;
				SDKROOT = auto;
				SUPPORTED_PLATFORMS = "iphoneos iphonesimulator macosx";
				SUPPORTS_MACCATALYST = NO;
				TARGETED_DEVICE_FAMILY = "1,2";
				ENABLE_HARDENED_RUNTIME = YES;
			}; name = Release; };
/* End XCBuildConfiguration section */

/* Begin XCConfigurationList section */
		D1602199DF8640AB914D0AA2 = {isa = XCConfigurationList; buildConfigurations = (DD7ED943B1874BC7A5F87BEB /* Debug */, 6A8580221DA34CFDB125F372 /* Release */); defaultConfigurationIsVisible = 0; defaultConfigurationName = Release; };
		B91589A4B4C24EC485163DE9 = {isa = XCConfigurationList; buildConfigurations = (54079F382DFC48C583CEDCDF /* Debug */, 9CB364B65E614F9FB489C519 /* Release */); defaultConfigurationIsVisible = 0; defaultConfigurationName = Release; };
/* End XCConfigurationList section */
	};
	rootObject = 48F6C237F2D7433DA6A30F58 /* Project object */;
}