// !$*UTF8*$!
{
	archiveVersion = 1;
	classes = {
	};
	objectVersion = 56;
	objects = {

/* Begin PBXBuildFile section */
		043864F6A713476987593660 /* Models/DOEQuestion.swift in Sources */ = {isa = PBXBuildFile; fileRef = 960A9311EC9A40D1B5CBDFC8 /* Models/DOEQuestion.swift */; };
		04AD197514BD487488CCC09C /* Models/UnifiedQuestion.swift in Sources */ = {isa = PBXBuildFile; fileRef = D75601CB6B8C434A8B2513A5 /* Models/UnifiedQuestion.swift */; };
		09B0956382684608A28DC6DA /* Views/Quiz/PlanDrillView.swift in Sources */ = {isa = PBXBuildFile; fileRef = 8C393D7253594A6398730C6B /* Views/Quiz/PlanDrillView.swift */; };
		09FA7AB6630F40E0911D7DAC /* Data/SeedDataWeeks5_10.swift in Sources */ = {isa = PBXBuildFile; fileRef = D57264F407A24F1EBA6D62DC /* Data/SeedDataWeeks5_10.swift */; };
		0F4DF9BBA9DD4C8DA4D5CE97 /* Models/ChecklistItem.swift in Sources */ = {isa = PBXBuildFile; fileRef = C0038CD62B8049E7B43F2003 /* Models/ChecklistItem.swift */; };
		107C1CEFD19E488B990FF3D9 /* Models/StudyNavigationRoute.swift in Sources */ = {isa = PBXBuildFile; fileRef = 3BF5B210E2AE4972B446EE86 /* Models/StudyNavigationRoute.swift */; };
		1CAC52F321924B49A5BE4345 /* Data/AppState.swift in Sources */ = {isa = PBXBuildFile; fileRef = E83B1E694D434EB4AF837E86 /* Data/AppState.swift */; };
		1E969B76FB0F4346BDEDC004 /* Views/Encyclopedia/EncyclopediaTopicDetailView.swift in Sources */ = {isa = PBXBuildFile; fileRef = 8B9F359E5C3B4C948010CFE8 /* Views/Encyclopedia/EncyclopediaTopicDetailView.swift */; };
		20F2ADBCF13C43A0BE080EE9 /* Views/Shared/StudyNavigationDestination.swift in Sources */ = {isa = PBXBuildFile; fileRef = ADF9CBB114B74653A5A40FAF /* Views/Shared/StudyNavigationDestination.swift */; };
		225EAA93DCA840F79C6308BA /* Views/Quiz/DOEViews.swift in Sources */ = {isa = PBXBuildFile; fileRef = B614D61011A8493FA6BB39F2 /* Views/Quiz/DOEViews.swift */; };
		26A0E99AE38541B0A19F92BF /* Views/Today/TodayView.swift in Sources */ = {isa = PBXBuildFile; fileRef = 94ABBF4BAEF743688173EBC7 /* Views/Today/TodayView.swift */; };
		2DC5C5D5FB3447F58212E6C4 /* Models/ThemePalette.swift in Sources */ = {isa = PBXBuildFile; fileRef = AB95015DBBB3410E9077AE48 /* Models/ThemePalette.swift */; };
		345A7DD672924DB08D7BB76C /* Data/DeepDiveContent.swift in Sources */ = {isa = PBXBuildFile; fileRef = 30068E823F1A4FA3A893CC3E /* Data/DeepDiveContent.swift */; };
		377E309341CF4729B2AFFBB2 /* Views/Encyclopedia/EncyclopediaPracticeViews.swift in Sources */ = {isa = PBXBuildFile; fileRef = 0FDD2A383BF0446A987698F2 /* Views/Encyclopedia/EncyclopediaPracticeViews.swift */; };
		399373D810D248BCA4810330 /* Models/StudyBlock.swift in Sources */ = {isa = PBXBuildFile; fileRef = 7F8C063B49ED479F97D4CEEE /* Models/StudyBlock.swift */; };
		3AF3F57CA3054B0BAF1BF3CA /* Views/Quiz/QuizRootView.swift in Sources */ = {isa = PBXBuildFile; fileRef = 8DFD5CC69E184931B1522B49 /* Views/Quiz/QuizRootView.swift */; };
		3E619F19529B4238ABB70AF9 /* Views/ContentView.swift in Sources */ = {isa = PBXBuildFile; fileRef = DFE703BEBB1F4D399B308F02 /* Views/ContentView.swift */; };
		4118207D15944D6ABD6BF473 /* Services/HapticFeedback.swift in Sources */ = {isa = PBXBuildFile; fileRef = 5D2D68D8FF614061AA5964BE /* Services/HapticFeedback.swift */; };
		42D560835C89412A97D07C2C /* Views/Encyclopedia/EncyclopediaRootView.swift in Sources */ = {isa = PBXBuildFile; fileRef = ADB5017E7FD04A858D7FE105 /* Views/Encyclopedia/EncyclopediaRootView.swift */; };
		46065954D80140EEA5AFA005 /* Data/ScheduleConstants.swift in Sources */ = {isa = PBXBuildFile; fileRef = 68A39D3C00DF47CDBFD3FA3D /* Data/ScheduleConstants.swift */; };
		46543F5846964DD8ADADD14A /* Data/AppState+Schedule.swift in Sources */ = {isa = PBXBuildFile; fileRef = 39B3A42181424A3BA183DC60 /* Data/AppState+Schedule.swift */; };
		4749376D7A5C4A7B88945CBC /* Data/SeedDataWeeks1_4.swift in Sources */ = {isa = PBXBuildFile; fileRef = DED82D8191E849738229E934 /* Data/SeedDataWeeks1_4.swift */; };
		4E8C3E9902D44F54A9CD4A05 /* Views/Encyclopedia/EncyclopediaSessionEndViews.swift in Sources */ = {isa = PBXBuildFile; fileRef = CA46F44891CF4E4FAAA533EB /* Views/Encyclopedia/EncyclopediaSessionEndViews.swift */; };
		51616E8D37564FFEB4CA8689 /* Data/Pass2ReadingContent.swift in Sources */ = {isa = PBXBuildFile; fileRef = 5F0AE33518B34E73ACE498EE /* Data/Pass2ReadingContent.swift */; };
		5C3D0E0BBBDB4806A0F6C665 /* Resources/StudyContent/topics.json in Resources */ = {isa = PBXBuildFile; fileRef = BD694127E55E4D7CB59700E9 /* Resources/StudyContent/topics.json */; };
		62C3199E13654344943EA8DD /* Services/QuestionImportService.swift in Sources */ = {isa = PBXBuildFile; fileRef = 41AEDBA87FA04AE5B5E949DE /* Services/QuestionImportService.swift */; };
		641FB3E7B24A4BBB912822DD /* Resources/Assets.xcassets in Resources */ = {isa = PBXBuildFile; fileRef = 0F617F883EDD4FC6BEE2B367 /* Resources/Assets.xcassets */; };
		6630BFD886AD4D519A875482 /* Data/Pass1ReadingContent.swift in Sources */ = {isa = PBXBuildFile; fileRef = 7E7EFB3A67694530BA5C027C /* Data/Pass1ReadingContent.swift */; };
		68DAB9ADA29A4110AB6F87F5 /* Views/Quiz/TossupDrillView.swift in Sources */ = {isa = PBXBuildFile; fileRef = 7554F1FA9DFF4551BF2651A3 /* Views/Quiz/TossupDrillView.swift */; };
		6C2447FE985A4F86A8398579 /* Views/Today/BlockStudyMaterialView.swift in Sources */ = {isa = PBXBuildFile; fileRef = 2AC0D091C617469DB5D87AA2 /* Views/Today/BlockStudyMaterialView.swift */; };
		7102DD0BE0A147AF9D84BB26 /* Data/SeedData.swift in Sources */ = {isa = PBXBuildFile; fileRef = 1E8538A135C84E2BA1558003 /* Data/SeedData.swift */; };
		71FFBB5E505541E1BA32182A /* Views/Progress/EncyclopediaProgressSection.swift in Sources */ = {isa = PBXBuildFile; fileRef = 4EBF2264C49E4527BA357F30 /* Views/Progress/EncyclopediaProgressSection.swift */; };
		72CB6027363343948997B451 /* Data/StudyReferenceSheets.swift in Sources */ = {isa = PBXBuildFile; fileRef = C9259A64F105404F986CCAFB /* Data/StudyReferenceSheets.swift */; };
		74BBF391E28247D19847BE07 /* Views/Shared/SharedComponents.swift in Sources */ = {isa = PBXBuildFile; fileRef = 51ACB4FE0B6A48F9A9CEE427 /* Views/Shared/SharedComponents.swift */; };
		780785CB56F647C3BFA27162 /* App/ScienceBowlCoachApp.swift in Sources */ = {isa = PBXBuildFile; fileRef = 208AC4E2CC744EA18DC20E2E /* App/ScienceBowlCoachApp.swift */; };
		960E1309E7864CFFBD09BD1A /* Views/Today/TopicBrowserView.swift in Sources */ = {isa = PBXBuildFile; fileRef = 5F8CDE623CB140089121FE07 /* Views/Today/TopicBrowserView.swift */; };
		9CE8CBD1E5894802862BE922 /* Views/Settings/SettingsView.swift in Sources */ = {isa = PBXBuildFile; fileRef = 4830384055AB4CC897F3ED19 /* Views/Settings/SettingsView.swift */; };
		9F4052D3F2FC436C9B2384C5 /* Resources/StudyContent/questions.json in Resources */ = {isa = PBXBuildFile; fileRef = 5B87480A6E1D493B971C751E /* Resources/StudyContent/questions.json */; };
		A19367AFFFB042E580A1713F /* Data/Pass3ReadingContent.swift in Sources */ = {isa = PBXBuildFile; fileRef = 42D30847A0DC4C0884F2C695 /* Data/Pass3ReadingContent.swift */; };
		A84B15E4C6B14794AD4E7FD3 /* Models/FlashCardItem.swift in Sources */ = {isa = PBXBuildFile; fileRef = EDF1D048C37B4DA189EB92B7 /* Models/FlashCardItem.swift */; };
		BEA98B754CA6479589FA4812 /* Models/NSBTopic.swift in Sources */ = {isa = PBXBuildFile; fileRef = A05A78AFC24B4682A36ECD41 /* Models/NSBTopic.swift */; };
		C02B88176D204447B9EC8730 /* Models/TossupQuestion.swift in Sources */ = {isa = PBXBuildFile; fileRef = 8B0E82350B144ED6916D5DC6 /* Models/TossupQuestion.swift */; };
		CAFCB4A44D8E46D7A8E935FC /* Services/EncyclopediaStore.swift in Sources */ = {isa = PBXBuildFile; fileRef = 36AD7DA1330141C5931B18F4 /* Services/EncyclopediaStore.swift */; };
		D175357FCA1B406CB7ACFBFF /* Models/ReadingSection.swift in Sources */ = {isa = PBXBuildFile; fileRef = 51B574D5596B48198E271473 /* Models/ReadingSection.swift */; };
		D84D9D37F3404182A98C186A /* Data/BlockReadingContent.swift in Sources */ = {isa = PBXBuildFile; fileRef = 87CE382CDB0B450D8D49512A /* Data/BlockReadingContent.swift */; };
		E43669BFC8F044FFA9BE0382 /* Services/DOEPDFParser.swift in Sources */ = {isa = PBXBuildFile; fileRef = F8A0E7B083C249B588BBF46E /* Services/DOEPDFParser.swift */; };
		EA88D968C8A947E48776092D /* Services/PersistenceService.swift in Sources */ = {isa = PBXBuildFile; fileRef = 64185788F1664F138797D855 /* Services/PersistenceService.swift */; };
		EC9E3165D4E64CF5B9DB904C /* Views/Progress/ProgressDashboardView.swift in Sources */ = {isa = PBXBuildFile; fileRef = 29CAD8DA0303471A972F8520 /* Views/Progress/ProgressDashboardView.swift */; };
		EDF2DAC50D1341C9BD1CE8D1 /* Models/Enums.swift in Sources */ = {isa = PBXBuildFile; fileRef = 03C7D7C4021E4148A30E2A47 /* Models/Enums.swift */; };
		F28A6ECFB1624C13916670FE /* Views/Today/StudySessionView.swift in Sources */ = {isa = PBXBuildFile; fileRef = 61F3D5B0363643EAA1688CD0 /* Views/Today/StudySessionView.swift */; };
		F6C41FB8548C4F4E84219F9A /* Views/Today/StudyMaterialComponents.swift in Sources */ = {isa = PBXBuildFile; fileRef = D8627E04E74E452D934AB694 /* Views/Today/StudyMaterialComponents.swift */; };
		FE17B7172CEB4168A50E7BEE /* Views/Today/TopicDetailView.swift in Sources */ = {isa = PBXBuildFile; fileRef = 02E97DACFA6946A88501BB36 /* Views/Today/TopicDetailView.swift */; };
/* End PBXBuildFile section */

/* Begin PBXFileReference section */
		02E97DACFA6946A88501BB36 /* Views/Today/TopicDetailView.swift */ = {isa = PBXFileReference; lastKnownFileType = sourcecode.swift; path = Views/Today/TopicDetailView.swift; sourceTree = "<group>"; };
		03C7D7C4021E4148A30E2A47 /* Models/Enums.swift */ = {isa = PBXFileReference; lastKnownFileType = sourcecode.swift; path = Models/Enums.swift; sourceTree = "<group>"; };
		0F617F883EDD4FC6BEE2B367 /* Resources/Assets.xcassets */ = {isa = PBXFileReference; lastKnownFileType = folder.assetcatalog; path = Resources/Assets.xcassets; sourceTree = "<group>"; };
		0FDD2A383BF0446A987698F2 /* Views/Encyclopedia/EncyclopediaPracticeViews.swift */ = {isa = PBXFileReference; lastKnownFileType = sourcecode.swift; path = Views/Encyclopedia/EncyclopediaPracticeViews.swift; sourceTree = "<group>"; };
		1E8538A135C84E2BA1558003 /* Data/SeedData.swift */ = {isa = PBXFileReference; lastKnownFileType = sourcecode.swift; path = Data/SeedData.swift; sourceTree = "<group>"; };
		208AC4E2CC744EA18DC20E2E /* App/ScienceBowlCoachApp.swift */ = {isa = PBXFileReference; lastKnownFileType = sourcecode.swift; path = App/ScienceBowlCoachApp.swift; sourceTree = "<group>"; };
		29CAD8DA0303471A972F8520 /* Views/Progress/ProgressDashboardView.swift */ = {isa = PBXFileReference; lastKnownFileType = sourcecode.swift; path = Views/Progress/ProgressDashboardView.swift; sourceTree = "<group>"; };
		2AC0D091C617469DB5D87AA2 /* Views/Today/BlockStudyMaterialView.swift */ = {isa = PBXFileReference; lastKnownFileType = sourcecode.swift; path = Views/Today/BlockStudyMaterialView.swift; sourceTree = "<group>"; };
		30068E823F1A4FA3A893CC3E /* Data/DeepDiveContent.swift */ = {isa = PBXFileReference; lastKnownFileType = sourcecode.swift; path = Data/DeepDiveContent.swift; sourceTree = "<group>"; };
		36AD7DA1330141C5931B18F4 /* Services/EncyclopediaStore.swift */ = {isa = PBXFileReference; lastKnownFileType = sourcecode.swift; path = Services/EncyclopediaStore.swift; sourceTree = "<group>"; };
		39B3A42181424A3BA183DC60 /* Data/AppState+Schedule.swift */ = {isa = PBXFileReference; lastKnownFileType = sourcecode.swift; path = "Data/AppState+Schedule.swift"; sourceTree = "<group>"; };
		3BF5B210E2AE4972B446EE86 /* Models/StudyNavigationRoute.swift */ = {isa = PBXFileReference; lastKnownFileType = sourcecode.swift; path = Models/StudyNavigationRoute.swift; sourceTree = "<group>"; };
		41AEDBA87FA04AE5B5E949DE /* Services/QuestionImportService.swift */ = {isa = PBXFileReference; lastKnownFileType = sourcecode.swift; path = Services/QuestionImportService.swift; sourceTree = "<group>"; };
		42D30847A0DC4C0884F2C695 /* Data/Pass3ReadingContent.swift */ = {isa = PBXFileReference; lastKnownFileType = sourcecode.swift; path = Data/Pass3ReadingContent.swift; sourceTree = "<group>"; };
		4830384055AB4CC897F3ED19 /* Views/Settings/SettingsView.swift */ = {isa = PBXFileReference; lastKnownFileType = sourcecode.swift; path = Views/Settings/SettingsView.swift; sourceTree = "<group>"; };
		4EBF2264C49E4527BA357F30 /* Views/Progress/EncyclopediaProgressSection.swift */ = {isa = PBXFileReference; lastKnownFileType = sourcecode.swift; path = Views/Progress/EncyclopediaProgressSection.swift; sourceTree = "<group>"; };
		51ACB4FE0B6A48F9A9CEE427 /* Views/Shared/SharedComponents.swift */ = {isa = PBXFileReference; lastKnownFileType = sourcecode.swift; path = Views/Shared/SharedComponents.swift; sourceTree = "<group>"; };
		51B574D5596B48198E271473 /* Models/ReadingSection.swift */ = {isa = PBXFileReference; lastKnownFileType = sourcecode.swift; path = Models/ReadingSection.swift; sourceTree = "<group>"; };
		5B87480A6E1D493B971C751E /* Resources/StudyContent/questions.json */ = {isa = PBXFileReference; lastKnownFileType = text.json; path = Resources/StudyContent/questions.json; sourceTree = "<group>"; };
		5D2D68D8FF614061AA5964BE /* Services/HapticFeedback.swift */ = {isa = PBXFileReference; lastKnownFileType = sourcecode.swift; path = Services/HapticFeedback.swift; sourceTree = "<group>"; };
		5F0AE33518B34E73ACE498EE /* Data/Pass2ReadingContent.swift */ = {isa = PBXFileReference; lastKnownFileType = sourcecode.swift; path = Data/Pass2ReadingContent.swift; sourceTree = "<group>"; };
		5F8CDE623CB140089121FE07 /* Views/Today/TopicBrowserView.swift */ = {isa = PBXFileReference; lastKnownFileType = sourcecode.swift; path = Views/Today/TopicBrowserView.swift; sourceTree = "<group>"; };
		61F3D5B0363643EAA1688CD0 /* Views/Today/StudySessionView.swift */ = {isa = PBXFileReference; lastKnownFileType = sourcecode.swift; path = Views/Today/StudySessionView.swift; sourceTree = "<group>"; };
		64185788F1664F138797D855 /* Services/PersistenceService.swift */ = {isa = PBXFileReference; lastKnownFileType = sourcecode.swift; path = Services/PersistenceService.swift; sourceTree = "<group>"; };
		68A39D3C00DF47CDBFD3FA3D /* Data/ScheduleConstants.swift */ = {isa = PBXFileReference; lastKnownFileType = sourcecode.swift; path = Data/ScheduleConstants.swift; sourceTree = "<group>"; };
		7554F1FA9DFF4551BF2651A3 /* Views/Quiz/TossupDrillView.swift */ = {isa = PBXFileReference; lastKnownFileType = sourcecode.swift; path = Views/Quiz/TossupDrillView.swift; sourceTree = "<group>"; };
		7E7EFB3A67694530BA5C027C /* Data/Pass1ReadingContent.swift */ = {isa = PBXFileReference; lastKnownFileType = sourcecode.swift; path = Data/Pass1ReadingContent.swift; sourceTree = "<group>"; };
		7F8C063B49ED479F97D4CEEE /* Models/StudyBlock.swift */ = {isa = PBXFileReference; lastKnownFileType = sourcecode.swift; path = Models/StudyBlock.swift; sourceTree = "<group>"; };
		87CE382CDB0B450D8D49512A /* Data/BlockReadingContent.swift */ = {isa = PBXFileReference; lastKnownFileType = sourcecode.swift; path = Data/BlockReadingContent.swift; sourceTree = "<group>"; };
		8B0E82350B144ED6916D5DC6 /* Models/TossupQuestion.swift */ = {isa = PBXFileReference; lastKnownFileType = sourcecode.swift; path = Models/TossupQuestion.swift; sourceTree = "<group>"; };
		8B9F359E5C3B4C948010CFE8 /* Views/Encyclopedia/EncyclopediaTopicDetailView.swift */ = {isa = PBXFileReference; lastKnownFileType = sourcecode.swift; path = Views/Encyclopedia/EncyclopediaTopicDetailView.swift; sourceTree = "<group>"; };
		8C393D7253594A6398730C6B /* Views/Quiz/PlanDrillView.swift */ = {isa = PBXFileReference; lastKnownFileType = sourcecode.swift; path = Views/Quiz/PlanDrillView.swift; sourceTree = "<group>"; };
		8DFD5CC69E184931B1522B49 /* Views/Quiz/QuizRootView.swift */ = {isa = PBXFileReference; lastKnownFileType = sourcecode.swift; path = Views/Quiz/QuizRootView.swift; sourceTree = "<group>"; };
		94ABBF4BAEF743688173EBC7 /* Views/Today/TodayView.swift */ = {isa = PBXFileReference; lastKnownFileType = sourcecode.swift; path = Views/Today/TodayView.swift; sourceTree = "<group>"; };
		9506CC05E74442DFAB896B0B /* ScienceBowlCoach.app */ = {isa = PBXFileReference; explicitFileType = wrapper.application; includeInIndex = 0; path = ScienceBowlCoach.app; sourceTree = BUILT_PRODUCTS_DIR; };
		960A9311EC9A40D1B5CBDFC8 /* Models/DOEQuestion.swift */ = {isa = PBXFileReference; lastKnownFileType = sourcecode.swift; path = Models/DOEQuestion.swift; sourceTree = "<group>"; };
		A05A78AFC24B4682A36ECD41 /* Models/NSBTopic.swift */ = {isa = PBXFileReference; lastKnownFileType = sourcecode.swift; path = Models/NSBTopic.swift; sourceTree = "<group>"; };
		AB95015DBBB3410E9077AE48 /* Models/ThemePalette.swift */ = {isa = PBXFileReference; lastKnownFileType = sourcecode.swift; path = Models/ThemePalette.swift; sourceTree = "<group>"; };
		ADB5017E7FD04A858D7FE105 /* Views/Encyclopedia/EncyclopediaRootView.swift */ = {isa = PBXFileReference; lastKnownFileType = sourcecode.swift; path = Views/Encyclopedia/EncyclopediaRootView.swift; sourceTree = "<group>"; };
		ADF9CBB114B74653A5A40FAF /* Views/Shared/StudyNavigationDestination.swift */ = {isa = PBXFileReference; lastKnownFileType = sourcecode.swift; path = Views/Shared/StudyNavigationDestination.swift; sourceTree = "<group>"; };
		B614D61011A8493FA6BB39F2 /* Views/Quiz/DOEViews.swift */ = {isa = PBXFileReference; lastKnownFileType = sourcecode.swift; path = Views/Quiz/DOEViews.swift; sourceTree = "<group>"; };
		BD694127E55E4D7CB59700E9 /* Resources/StudyContent/topics.json */ = {isa = PBXFileReference; lastKnownFileType = text.json; path = Resources/StudyContent/topics.json; sourceTree = "<group>"; };
		C0038CD62B8049E7B43F2003 /* Models/ChecklistItem.swift */ = {isa = PBXFileReference; lastKnownFileType = sourcecode.swift; path = Models/ChecklistItem.swift; sourceTree = "<group>"; };
		C9259A64F105404F986CCAFB /* Data/StudyReferenceSheets.swift */ = {isa = PBXFileReference; lastKnownFileType = sourcecode.swift; path = Data/StudyReferenceSheets.swift; sourceTree = "<group>"; };
		CA46F44891CF4E4FAAA533EB /* Views/Encyclopedia/EncyclopediaSessionEndViews.swift */ = {isa = PBXFileReference; lastKnownFileType = sourcecode.swift; path = Views/Encyclopedia/EncyclopediaSessionEndViews.swift; sourceTree = "<group>"; };
		D57264F407A24F1EBA6D62DC /* Data/SeedDataWeeks5_10.swift */ = {isa = PBXFileReference; lastKnownFileType = sourcecode.swift; path = Data/SeedDataWeeks5_10.swift; sourceTree = "<group>"; };
		D75601CB6B8C434A8B2513A5 /* Models/UnifiedQuestion.swift */ = {isa = PBXFileReference; lastKnownFileType = sourcecode.swift; path = Models/UnifiedQuestion.swift; sourceTree = "<group>"; };
		D8627E04E74E452D934AB694 /* Views/Today/StudyMaterialComponents.swift */ = {isa = PBXFileReference; lastKnownFileType = sourcecode.swift; path = Views/Today/StudyMaterialComponents.swift; sourceTree = "<group>"; };
		DED82D8191E849738229E934 /* Data/SeedDataWeeks1_4.swift */ = {isa = PBXFileReference; lastKnownFileType = sourcecode.swift; path = Data/SeedDataWeeks1_4.swift; sourceTree = "<group>"; };
		DFE703BEBB1F4D399B308F02 /* Views/ContentView.swift */ = {isa = PBXFileReference; lastKnownFileType = sourcecode.swift; path = Views/ContentView.swift; sourceTree = "<group>"; };
		E83B1E694D434EB4AF837E86 /* Data/AppState.swift */ = {isa = PBXFileReference; lastKnownFileType = sourcecode.swift; path = Data/AppState.swift; sourceTree = "<group>"; };
		EDF1D048C37B4DA189EB92B7 /* Models/FlashCardItem.swift */ = {isa = PBXFileReference; lastKnownFileType = sourcecode.swift; path = Models/FlashCardItem.swift; sourceTree = "<group>"; };
		F8A0E7B083C249B588BBF46E /* Services/DOEPDFParser.swift */ = {isa = PBXFileReference; lastKnownFileType = sourcecode.swift; path = Services/DOEPDFParser.swift; sourceTree = "<group>"; };
/* End PBXFileReference section */

/* Begin PBXFrameworksBuildPhase section */
		CE666D28D260466E84E7EC11 /* Frameworks */ = {
			isa = PBXFrameworksBuildPhase;
			buildActionMask = 2147483647;
			files = (
			);
			runOnlyForDeploymentPostprocessing = 0;
		};
/* End PBXFrameworksBuildPhase section */

/* Begin PBXGroup section */
		1908B41B13A94EF1AE553A6C = {
			isa = PBXGroup;
			children = (
				A8DBA5477CB541959187D9F5 /* Resources */,
				A5CAC140149C49DD9988F580 /* Products */,
				313DE68E2FD3A6A5004D5F9A /* Recovered References */,
			);
			sourceTree = "<group>";
		};
		313DE68E2FD3A6A5004D5F9A /* Recovered References */ = {
			isa = PBXGroup;
			children = (
				208AC4E2CC744EA18DC20E2E /* App/ScienceBowlCoachApp.swift */,
				39B3A42181424A3BA183DC60 /* Data/AppState+Schedule.swift */,
				E83B1E694D434EB4AF837E86 /* Data/AppState.swift */,
				87CE382CDB0B450D8D49512A /* Data/BlockReadingContent.swift */,
				30068E823F1A4FA3A893CC3E /* Data/DeepDiveContent.swift */,
				7E7EFB3A67694530BA5C027C /* Data/Pass1ReadingContent.swift */,
				5F0AE33518B34E73ACE498EE /* Data/Pass2ReadingContent.swift */,
				42D30847A0DC4C0884F2C695 /* Data/Pass3ReadingContent.swift */,
				68A39D3C00DF47CDBFD3FA3D /* Data/ScheduleConstants.swift */,
				1E8538A135C84E2BA1558003 /* Data/SeedData.swift */,
				DED82D8191E849738229E934 /* Data/SeedDataWeeks1_4.swift */,
				D57264F407A24F1EBA6D62DC /* Data/SeedDataWeeks5_10.swift */,
				C9259A64F105404F986CCAFB /* Data/StudyReferenceSheets.swift */,
				C0038CD62B8049E7B43F2003 /* Models/ChecklistItem.swift */,
				960A9311EC9A40D1B5CBDFC8 /* Models/DOEQuestion.swift */,
				03C7D7C4021E4148A30E2A47 /* Models/Enums.swift */,
				EDF1D048C37B4DA189EB92B7 /* Models/FlashCardItem.swift */,
				A05A78AFC24B4682A36ECD41 /* Models/NSBTopic.swift */,
				51B574D5596B48198E271473 /* Models/ReadingSection.swift */,
				7F8C063B49ED479F97D4CEEE /* Models/StudyBlock.swift */,
				3BF5B210E2AE4972B446EE86 /* Models/StudyNavigationRoute.swift */,
				AB95015DBBB3410E9077AE48 /* Models/ThemePalette.swift */,
				8B0E82350B144ED6916D5DC6 /* Models/TossupQuestion.swift */,
				D75601CB6B8C434A8B2513A5 /* Models/UnifiedQuestion.swift */,
				F8A0E7B083C249B588BBF46E /* Services/DOEPDFParser.swift */,
				36AD7DA1330141C5931B18F4 /* Services/EncyclopediaStore.swift */,
				5D2D68D8FF614061AA5964BE /* Services/HapticFeedback.swift */,
				64185788F1664F138797D855 /* Services/PersistenceService.swift */,
				41AEDBA87FA04AE5B5E949DE /* Services/QuestionImportService.swift */,
				DFE703BEBB1F4D399B308F02 /* Views/ContentView.swift */,
				0FDD2A383BF0446A987698F2 /* Views/Encyclopedia/EncyclopediaPracticeViews.swift */,
				ADB5017E7FD04A858D7FE105 /* Views/Encyclopedia/EncyclopediaRootView.swift */,
				CA46F44891CF4E4FAAA533EB /* Views/Encyclopedia/EncyclopediaSessionEndViews.swift */,
				8B9F359E5C3B4C948010CFE8 /* Views/Encyclopedia/EncyclopediaTopicDetailView.swift */,
				4EBF2264C49E4527BA357F30 /* Views/Progress/EncyclopediaProgressSection.swift */,
				29CAD8DA0303471A972F8520 /* Views/Progress/ProgressDashboardView.swift */,
				B614D61011A8493FA6BB39F2 /* Views/Quiz/DOEViews.swift */,
				8C393D7253594A6398730C6B /* Views/Quiz/PlanDrillView.swift */,
				8DFD5CC69E184931B1522B49 /* Views/Quiz/QuizRootView.swift */,
				7554F1FA9DFF4551BF2651A3 /* Views/Quiz/TossupDrillView.swift */,
				4830384055AB4CC897F3ED19 /* Views/Settings/SettingsView.swift */,
				51ACB4FE0B6A48F9A9CEE427 /* Views/Shared/SharedComponents.swift */,
				ADF9CBB114B74653A5A40FAF /* Views/Shared/StudyNavigationDestination.swift */,
				2AC0D091C617469DB5D87AA2 /* Views/Today/BlockStudyMaterialView.swift */,
				D8627E04E74E452D934AB694 /* Views/Today/StudyMaterialComponents.swift */,
				61F3D5B0363643EAA1688CD0 /* Views/Today/StudySessionView.swift */,
				94ABBF4BAEF743688173EBC7 /* Views/Today/TodayView.swift */,
				5F8CDE623CB140089121FE07 /* Views/Today/TopicBrowserView.swift */,
				02E97DACFA6946A88501BB36 /* Views/Today/TopicDetailView.swift */,
			);
			name = "Recovered References";
			sourceTree = "<group>";
		};
		A5CAC140149C49DD9988F580 /* Products */ = {
			isa = PBXGroup;
			children = (
				9506CC05E74442DFAB896B0B /* ScienceBowlCoach.app */,
			);
			name = Products;
			sourceTree = "<group>";
		};
		A8DBA5477CB541959187D9F5 /* Resources */ = {
			isa = PBXGroup;
			children = (
				0F617F883EDD4FC6BEE2B367 /* Resources/Assets.xcassets */,
				5B87480A6E1D493B971C751E /* Resources/StudyContent/questions.json */,
				BD694127E55E4D7CB59700E9 /* Resources/StudyContent/topics.json */,
			);
			name = Resources;
			sourceTree = "<group>";
		};
/* End PBXGroup section */

/* Begin PBXNativeTarget section */
		E19AD35AB30F412883F1A223 /* ScienceBowlCoach */ = {
			isa = PBXNativeTarget;
			buildConfigurationList = 1095D3D8B1C44C32A863563D /* Build configuration list for PBXNativeTarget "ScienceBowlCoach" */;
			buildPhases = (
				CAA9A5C3571444C697CF87EA /* Sources */,
				CE666D28D260466E84E7EC11 /* Frameworks */,
				D3FF2471BEE74FC0AA0A1448 /* Resources */,
			);
			buildRules = (
			);
			dependencies = (
			);
			name = ScienceBowlCoach;
			productName = ScienceBowlCoach;
			productReference = 9506CC05E74442DFAB896B0B /* ScienceBowlCoach.app */;
			productType = "com.apple.product-type.application";
		};
/* End PBXNativeTarget section */

/* Begin PBXProject section */
		8282BE447418431EA67612EE /* Project object */ = {
			isa = PBXProject;
			attributes = {
				BuildIndependentTargetsInParallel = 1;
				LastSwiftUpdateCheck = 1500;
				LastUpgradeCheck = 1500;
			};
			buildConfigurationList = 719D99D94B6D4E06B1007D68 /* Build configuration list for PBXProject "ScienceBowlCoach" */;
			compatibilityVersion = "Xcode 14.0";
			developmentRegion = en;
			hasScannedForEncodings = 0;
			knownRegions = (
				en,
				Base,
			);
			mainGroup = 1908B41B13A94EF1AE553A6C;
			productRefGroup = A5CAC140149C49DD9988F580 /* Products */;
			projectDirPath = "";
			projectRoot = "";
			targets = (
				E19AD35AB30F412883F1A223 /* ScienceBowlCoach */,
			);
		};
/* End PBXProject section */

/* Begin PBXResourcesBuildPhase section */
		D3FF2471BEE74FC0AA0A1448 /* Resources */ = {
			isa = PBXResourcesBuildPhase;
			buildActionMask = 2147483647;
			files = (
				641FB3E7B24A4BBB912822DD /* Resources/Assets.xcassets in Resources */,
				9F4052D3F2FC436C9B2384C5 /* Resources/StudyContent/questions.json in Resources */,
				5C3D0E0BBBDB4806A0F6C665 /* Resources/StudyContent/topics.json in Resources */,
			);
			runOnlyForDeploymentPostprocessing = 0;
		};
/* End PBXResourcesBuildPhase section */

/* Begin PBXSourcesBuildPhase section */
		CAA9A5C3571444C697CF87EA /* Sources */ = {
			isa = PBXSourcesBuildPhase;
			buildActionMask = 2147483647;
			files = (
				780785CB56F647C3BFA27162 /* App/ScienceBowlCoachApp.swift in Sources */,
				46543F5846964DD8ADADD14A /* Data/AppState+Schedule.swift in Sources */,
				1CAC52F321924B49A5BE4345 /* Data/AppState.swift in Sources */,
				D84D9D37F3404182A98C186A /* Data/BlockReadingContent.swift in Sources */,
				345A7DD672924DB08D7BB76C /* Data/DeepDiveContent.swift in Sources */,
				6630BFD886AD4D519A875482 /* Data/Pass1ReadingContent.swift in Sources */,
				51616E8D37564FFEB4CA8689 /* Data/Pass2ReadingContent.swift in Sources */,
				A19367AFFFB042E580A1713F /* Data/Pass3ReadingContent.swift in Sources */,
				46065954D80140EEA5AFA005 /* Data/ScheduleConstants.swift in Sources */,
				7102DD0BE0A147AF9D84BB26 /* Data/SeedData.swift in Sources */,
				4749376D7A5C4A7B88945CBC /* Data/SeedDataWeeks1_4.swift in Sources */,
				09FA7AB6630F40E0911D7DAC /* Data/SeedDataWeeks5_10.swift in Sources */,
				72CB6027363343948997B451 /* Data/StudyReferenceSheets.swift in Sources */,
				0F4DF9BBA9DD4C8DA4D5CE97 /* Models/ChecklistItem.swift in Sources */,
				043864F6A713476987593660 /* Models/DOEQuestion.swift in Sources */,
				EDF2DAC50D1341C9BD1CE8D1 /* Models/Enums.swift in Sources */,
				A84B15E4C6B14794AD4E7FD3 /* Models/FlashCardItem.swift in Sources */,
				BEA98B754CA6479589FA4812 /* Models/NSBTopic.swift in Sources */,
				D175357FCA1B406CB7ACFBFF /* Models/ReadingSection.swift in Sources */,
				399373D810D248BCA4810330 /* Models/StudyBlock.swift in Sources */,
				107C1CEFD19E488B990FF3D9 /* Models/StudyNavigationRoute.swift in Sources */,
				2DC5C5D5FB3447F58212E6C4 /* Models/ThemePalette.swift in Sources */,
				C02B88176D204447B9EC8730 /* Models/TossupQuestion.swift in Sources */,
				04AD197514BD487488CCC09C /* Models/UnifiedQuestion.swift in Sources */,
				E43669BFC8F044FFA9BE0382 /* Services/DOEPDFParser.swift in Sources */,
				CAFCB4A44D8E46D7A8E935FC /* Services/EncyclopediaStore.swift in Sources */,
				4118207D15944D6ABD6BF473 /* Services/HapticFeedback.swift in Sources */,
				EA88D968C8A947E48776092D /* Services/PersistenceService.swift in Sources */,
				62C3199E13654344943EA8DD /* Services/QuestionImportService.swift in Sources */,
				3E619F19529B4238ABB70AF9 /* Views/ContentView.swift in Sources */,
				377E309341CF4729B2AFFBB2 /* Views/Encyclopedia/EncyclopediaPracticeViews.swift in Sources */,
				42D560835C89412A97D07C2C /* Views/Encyclopedia/EncyclopediaRootView.swift in Sources */,
				4E8C3E9902D44F54A9CD4A05 /* Views/Encyclopedia/EncyclopediaSessionEndViews.swift in Sources */,
				1E969B76FB0F4346BDEDC004 /* Views/Encyclopedia/EncyclopediaTopicDetailView.swift in Sources */,
				71FFBB5E505541E1BA32182A /* Views/Progress/EncyclopediaProgressSection.swift in Sources */,
				EC9E3165D4E64CF5B9DB904C /* Views/Progress/ProgressDashboardView.swift in Sources */,
				225EAA93DCA840F79C6308BA /* Views/Quiz/DOEViews.swift in Sources */,
				09B0956382684608A28DC6DA /* Views/Quiz/PlanDrillView.swift in Sources */,
				3AF3F57CA3054B0BAF1BF3CA /* Views/Quiz/QuizRootView.swift in Sources */,
				68DAB9ADA29A4110AB6F87F5 /* Views/Quiz/TossupDrillView.swift in Sources */,
				9CE8CBD1E5894802862BE922 /* Views/Settings/SettingsView.swift in Sources */,
				74BBF391E28247D19847BE07 /* Views/Shared/SharedComponents.swift in Sources */,
				20F2ADBCF13C43A0BE080EE9 /* Views/Shared/StudyNavigationDestination.swift in Sources */,
				6C2447FE985A4F86A8398579 /* Views/Today/BlockStudyMaterialView.swift in Sources */,
				F6C41FB8548C4F4E84219F9A /* Views/Today/StudyMaterialComponents.swift in Sources */,
				F28A6ECFB1624C13916670FE /* Views/Today/StudySessionView.swift in Sources */,
				26A0E99AE38541B0A19F92BF /* Views/Today/TodayView.swift in Sources */,
				960E1309E7864CFFBD09BD1A /* Views/Today/TopicBrowserView.swift in Sources */,
				FE17B7172CEB4168A50E7BEE /* Views/Today/TopicDetailView.swift in Sources */,
			);
			runOnlyForDeploymentPostprocessing = 0;
		};
/* End PBXSourcesBuildPhase section */

/* Begin XCBuildConfiguration section */
		2A8883EAEF774B97B99CA3BA /* Release */ = {
			isa = XCBuildConfiguration;
			buildSettings = {
				ALWAYS_SEARCH_USER_PATHS = NO;
				CLANG_ENABLE_MODULES = YES;
				COPY_PHASE_STRIP = NO;
				DEBUG_INFORMATION_FORMAT = "dwarf-with-dsym";
				ENABLE_STRICT_OBJC_MSGSEND = YES;
				IPHONEOS_DEPLOYMENT_TARGET = 17.0;
				SDKROOT = iphoneos;
				SWIFT_COMPILATION_MODE = wholemodule;
				VALIDATE_PRODUCT = YES;
			};
			name = Release;
		};
		75C5BB970DAA4A8E86F76307 /* Release */ = {
			isa = XCBuildConfiguration;
			buildSettings = {
				ASSETCATALOG_COMPILER_APPICON_NAME = AppIcon;
				CODE_SIGN_STYLE = Automatic;
				CURRENT_PROJECT_VERSION = 1;
				DEVELOPMENT_TEAM = YTY564XJWX;
				GENERATE_INFOPLIST_FILE = YES;
				INFOPLIST_KEY_CFBundleDisplayName = "Science Bowl Coach";
				INFOPLIST_KEY_UIApplicationSceneManifest_Generation = YES;
				INFOPLIST_KEY_UILaunchScreen_Generation = YES;
				INFOPLIST_KEY_UISupportedInterfaceOrientations = UIInterfaceOrientationPortrait;
				IPHONEOS_DEPLOYMENT_TARGET = 17.0;
				LD_RUNPATH_SEARCH_PATHS = (
					"$(inherited)",
					"@executable_path/Frameworks",
				);
				MARKETING_VERSION = 1.1.0;
				PRODUCT_BUNDLE_IDENTIFIER = com.farahrasheed.ScienceBowlCoach;
				PRODUCT_NAME = "$(TARGET_NAME)";
				SWIFT_EMIT_LOC_STRINGS = YES;
				SWIFT_VERSION = 5.0;
				TARGETED_DEVICE_FAMILY = 1;
			};
			name = Release;
		};
		AE3287AAD22640CDBCB1CB57 /* Debug */ = {
			isa = XCBuildConfiguration;
			buildSettings = {
				ALWAYS_SEARCH_USER_PATHS = NO;
				CLANG_ENABLE_MODULES = YES;
				COPY_PHASE_STRIP = NO;
				DEBUG_INFORMATION_FORMAT = dwarf;
				ENABLE_STRICT_OBJC_MSGSEND = YES;
				IPHONEOS_DEPLOYMENT_TARGET = 17.0;
				MTL_ENABLE_DEBUG_INFO = INCLUDE_SOURCE;
				ONLY_ACTIVE_ARCH = YES;
				SDKROOT = iphoneos;
				SWIFT_ACTIVE_COMPILATION_CONDITIONS = DEBUG;
				SWIFT_OPTIMIZATION_LEVEL = "-Onone";
			};
			name = Debug;
		};
		FE5ED1CF44A94FF88B99B26F /* Debug */ = {
			isa = XCBuildConfiguration;
			buildSettings = {
				ASSETCATALOG_COMPILER_APPICON_NAME = AppIcon;
				CODE_SIGN_STYLE = Automatic;
				CURRENT_PROJECT_VERSION = 1;
				DEVELOPMENT_TEAM = YTY564XJWX;
				GENERATE_INFOPLIST_FILE = YES;
				INFOPLIST_KEY_CFBundleDisplayName = "Science Bowl Coach";
				INFOPLIST_KEY_UIApplicationSceneManifest_Generation = YES;
				INFOPLIST_KEY_UILaunchScreen_Generation = YES;
				INFOPLIST_KEY_UISupportedInterfaceOrientations = UIInterfaceOrientationPortrait;
				IPHONEOS_DEPLOYMENT_TARGET = 17.0;
				LD_RUNPATH_SEARCH_PATHS = (
					"$(inherited)",
					"@executable_path/Frameworks",
				);
				MARKETING_VERSION = 1.1.0;
				PRODUCT_BUNDLE_IDENTIFIER = com.farahrasheed.ScienceBowlCoach;
				PRODUCT_NAME = "$(TARGET_NAME)";
				SWIFT_EMIT_LOC_STRINGS = YES;
				SWIFT_VERSION = 5.0;
				TARGETED_DEVICE_FAMILY = 1;
			};
			name = Debug;
		};
/* End XCBuildConfiguration section */

/* Begin XCConfigurationList section */
		1095D3D8B1C44C32A863563D /* Build configuration list for PBXNativeTarget "ScienceBowlCoach" */ = {
			isa = XCConfigurationList;
			buildConfigurations = (
				FE5ED1CF44A94FF88B99B26F /* Debug */,
				75C5BB970DAA4A8E86F76307 /* Release */,
			);
			defaultConfigurationIsVisible = 0;
			defaultConfigurationName = Release;
		};
		719D99D94B6D4E06B1007D68 /* Build configuration list for PBXProject "ScienceBowlCoach" */ = {
			isa = XCConfigurationList;
			buildConfigurations = (
				AE3287AAD22640CDBCB1CB57 /* Debug */,
				2A8883EAEF774B97B99CA3BA /* Release */,
			);
			defaultConfigurationIsVisible = 0;
			defaultConfigurationName = Release;
		};
/* End XCConfigurationList section */
	};
	rootObject = 8282BE447418431EA67612EE /* Project object */;
}
